
Microsoft Visual Studio Solution File, Format Version 12.00
# Visual Studio 2013
VisualStudioVersion = 12.0.21005.1
MinimumVisualStudioVersion = 10.0.40219.1
Project("{8BC9CEB8-8B4A-11D0-8D11-00A0C91BC942}") = "Base", "src\Base\Base.vcxproj", "{8A529153-C4EE-45E2-BF97-38496CD445A4}"
EndProject
Project("{8BC9CEB8-8B4A-11D0-8D11-00A0C91BC942}") = "App", "src\App\App.vcxproj", "{AE70344C-4BC3-4B36-B6E4-E12E3A91E912}"
	ProjectSection(ProjectDependencies) = postProject
		{8A529153-C4EE-45E2-BF97-38496CD445A4} = {8A529153-C4EE-45E2-BF97-38496CD445A4}
	EndProjectSection
EndProject
Project("{8BC9CEB8-8B4A-11D0-8D11-00A0C91BC942}") = "Gui", "src\Gui\Gui.vcxproj", "{5CBFA9CD-9C0E-4ED6-BA05-CA55094D9E1E}"
	ProjectSection(ProjectDependencies) = postProject
		{AE70344C-4BC3-4B36-B6E4-E12E3A91E912} = {AE70344C-4BC3-4B36-B6E4-E12E3A91E912}
		{8A529153-C4EE-45E2-BF97-38496CD445A4} = {8A529153-C4EE-45E2-BF97-38496CD445A4}
	EndProjectSection
EndProject
Project("{8BC9CEB8-8B4A-11D0-8D11-00A0C91BC942}") = "Main", "src\Main\Main.vcxproj", "{00E2F9BA-6E4E-4A4E-ABBC-453A05C6AECF}"
	ProjectSection(ProjectDependencies) = postProject
		{AE70344C-4BC3-4B36-B6E4-E12E3A91E912} = {AE70344C-4BC3-4B36-B6E4-E12E3A91E912}
		{8A529153-C4EE-45E2-BF97-38496CD445A4} = {8A529153-C4EE-45E2-BF97-38496CD445A4}
		{5CBFA9CD-9C0E-4ED6-BA05-CA55094D9E1E} = {5CBFA9CD-9C0E-4ED6-BA05-CA55094D9E1E}
	EndProjectSection
EndProject
Project("{8BC9CEB8-8B4A-11D0-8D11-00A0C91BC942}") = "MainCmd", "src\Main\MainCmd.vcxproj", "{449AD57C-4D7F-43EA-98B4-A75F3AABE861}"
EndProject
Project("{8BC9CEB8-8B4A-11D0-8D11-00A0C91BC942}") = "MainPy", "src\Main\MainPy.vcxproj", "{78313A58-91B9-47FB-96B4-6C36B8CD1C1E}"
EndProject
Project("{8BC9CEB8-8B4A-11D0-8D11-00A0C91BC942}") = "Start", "src\Mod\Start\App\Start.vcxproj", "{0D58547A-DAA5-40B4-882D-9723269013C0}"
	ProjectSection(ProjectDependencies) = postProject
		{AE70344C-4BC3-4B36-B6E4-E12E3A91E912} = {AE70344C-4BC3-4B36-B6E4-E12E3A91E912}
		{8A529153-C4EE-45E2-BF97-38496CD445A4} = {8A529153-C4EE-45E2-BF97-38496CD445A4}
	EndProjectSection
EndProject
Project("{8BC9CEB8-8B4A-11D0-8D11-00A0C91BC942}") = "StartGui", "src\Mod\Start\Gui\StartGui.vcxproj", "{00F243C4-077C-42CE-AB18-3517FB12F34D}"
	ProjectSection(ProjectDependencies) = postProject
		{AE70344C-4BC3-4B36-B6E4-E12E3A91E912} = {AE70344C-4BC3-4B36-B6E4-E12E3A91E912}
		{8A529153-C4EE-45E2-BF97-38496CD445A4} = {8A529153-C4EE-45E2-BF97-38496CD445A4}
		{0D58547A-DAA5-40B4-882D-9723269013C0} = {0D58547A-DAA5-40B4-882D-9723269013C0}
		{5CBFA9CD-9C0E-4ED6-BA05-CA55094D9E1E} = {5CBFA9CD-9C0E-4ED6-BA05-CA55094D9E1E}
	EndProjectSection
EndProject
Project("{8BC9CEB8-8B4A-11D0-8D11-00A0C91BC942}") = "Web", "src\Mod\Web\App\Web.vcxproj", "{3E8A0483-B0A7-48A4-A774-94775E80A28C}"
EndProject
Project("{8BC9CEB8-8B4A-11D0-8D11-00A0C91BC942}") = "WebGui", "src\Mod\Web\Gui\WebGui.vcxproj", "{6CAD5A93-8A7B-4E4C-82FF-FDFADDF7ADBF}"
	ProjectSection(ProjectDependencies) = postProject
		{3E8A0483-B0A7-48A4-A774-94775E80A28C} = {3E8A0483-B0A7-48A4-A774-94775E80A28C}
	EndProjectSection
EndProject
Project("{8BC9CEB8-8B4A-11D0-8D11-00A0C91BC942}") = "Part", "src\Mod\Part\App\Part.vcxproj", "{E6F8DEE5-6C7D-4EFD-BF30-74AEE16FDE12}"
EndProject
Project("{8BC9CEB8-8B4A-11D0-8D11-00A0C91BC942}") = "PartGui", "src\Mod\Part\Gui\PartGui.vcxproj", "{6E5490F8-37F6-4F79-B2C5-38132C6DE804}"
EndProject
Project("{8BC9CEB8-8B4A-11D0-8D11-00A0C91BC942}") = "Sketcher", "src\Mod\Sketcher\App\Sketcher.vcxproj", "{F2B43171-247D-4448-AF7E-10DDE4D102FC}"
EndProject
Project("{8BC9CEB8-8B4A-11D0-8D11-00A0C91BC942}") = "SketcherGui", "src\Mod\Sketcher\Gui\SketcherGui.vcxproj", "{7C538B1F-3BDF-4EC7-9B79-D050D8B2A226}"
EndProject
Project("{8BC9CEB8-8B4A-11D0-8D11-00A0C91BC942}") = "PartDesign", "src\Mod\PartDesign\App\PartDesign.vcxproj", "{EA3B2C21-4CE6-426E-BA84-C116B3F885DA}"
EndProject
Project("{8BC9CEB8-8B4A-11D0-8D11-00A0C91BC942}") = "PartDesignGui", "src\Mod\PartDesign\Gui\PartDesignGui.vcxproj", "{D531CACA-D0E0-4A8B-9D62-B54E53DF24C5}"
EndProject
Project("{8BC9CEB8-8B4A-11D0-8D11-00A0C91BC942}") = "GuiPy", "src\Main\GuiPy.vcxproj", "{1EF8567F-8CBE-4F11-90D4-A6BF737DDAA0}"
EndProject
Project("{8BC9CEB8-8B4A-11D0-8D11-00A0C91BC942}") = "Example_data", "src\Example_data\Example_data.vcxproj", "{45B590F3-977D-427D-BDCF-5617DC2FF670}"
EndProject
Project("{8BC9CEB8-8B4A-11D0-8D11-00A0C91BC942}") = "Mesh", "src\Mod\Mesh\App\Mesh.vcxproj", "{D8E6683D-40B8-4BC9-B3EF-50524FBFE242}"
EndProject
Project("{8BC9CEB8-8B4A-11D0-8D11-00A0C91BC942}") = "MeshGui", "src\Mod\Mesh\Gui\MeshGui.vcxproj", "{8BBD1A28-B338-4E23-B2AB-04A71D46F405}"
EndProject
Project("{8BC9CEB8-8B4A-11D0-8D11-00A0C91BC942}") = "Assembly", "src\Mod\Assembly\App\Assembly.vcxproj", "{D4CD16E1-C5A6-4A8E-84AA-C7383B25C6D1}"
EndProject
Project("{8BC9CEB8-8B4A-11D0-8D11-00A0C91BC942}") = "AssemblyGui", "src\Mod\Assembly\Gui\AssemblyGui.vcxproj", "{0D9D1C12-471A-4728-BA2B-76D86778E28B}"
EndProject
Project("{8BC9CEB8-8B4A-11D0-8D11-00A0C91BC942}") = "MechanicalPart", "src\Mod\MechanicalPart\App\MechanicalPart.vcxproj", "{8D488E1A-D878-4C72-A0FA-B501B6DA02A4}"
EndProject
Project("{8BC9CEB8-8B4A-11D0-8D11-00A0C91BC942}") = "MechanicalPartGui", "src\Mod\MechanicalPart\Gui\MechanicalPartGui.vcxproj", "{0FA510CD-5C0A-48C3-8CD6-6843AE49D8FA}"
EndProject
Global
	GlobalSection(SolutionConfigurationPlatforms) = preSolution
		Debug|Win32 = Debug|Win32
		Release|Win32 = Release|Win32
	EndGlobalSection
	GlobalSection(ProjectConfigurationPlatforms) = postSolution
		{8A529153-C4EE-45E2-BF97-38496CD445A4}.Debug|Win32.ActiveCfg = Debug|Win32
		{8A529153-C4EE-45E2-BF97-38496CD445A4}.Debug|Win32.Build.0 = Debug|Win32
		{8A529153-C4EE-45E2-BF97-38496CD445A4}.Release|Win32.ActiveCfg = Release|Win32
		{8A529153-C4EE-45E2-BF97-38496CD445A4}.Release|Win32.Build.0 = Release|Win32
		{AE70344C-4BC3-4B36-B6E4-E12E3A91E912}.Debug|Win32.ActiveCfg = Debug|Win32
		{AE70344C-4BC3-4B36-B6E4-E12E3A91E912}.Debug|Win32.Build.0 = Debug|Win32
		{AE70344C-4BC3-4B36-B6E4-E12E3A91E912}.Release|Win32.ActiveCfg = Release|Win32
		{AE70344C-4BC3-4B36-B6E4-E12E3A91E912}.Release|Win32.Build.0 = Release|Win32
		{5CBFA9CD-9C0E-4ED6-BA05-CA55094D9E1E}.Debug|Win32.ActiveCfg = Debug|Win32
		{5CBFA9CD-9C0E-4ED6-BA05-CA55094D9E1E}.Debug|Win32.Build.0 = Debug|Win32
		{5CBFA9CD-9C0E-4ED6-BA05-CA55094D9E1E}.Release|Win32.ActiveCfg = Release|Win32
		{5CBFA9CD-9C0E-4ED6-BA05-CA55094D9E1E}.Release|Win32.Build.0 = Release|Win32
		{00E2F9BA-6E4E-4A4E-ABBC-453A05C6AECF}.Debug|Win32.ActiveCfg = Debug|Win32
		{00E2F9BA-6E4E-4A4E-ABBC-453A05C6AECF}.Debug|Win32.Build.0 = Debug|Win32
		{00E2F9BA-6E4E-4A4E-ABBC-453A05C6AECF}.Release|Win32.ActiveCfg = Release|Win32
		{00E2F9BA-6E4E-4A4E-ABBC-453A05C6AECF}.Release|Win32.Build.0 = Release|Win32
		{449AD57C-4D7F-43EA-98B4-A75F3AABE861}.Debug|Win32.ActiveCfg = Debug|Win32
		{449AD57C-4D7F-43EA-98B4-A75F3AABE861}.Debug|Win32.Build.0 = Debug|Win32
		{449AD57C-4D7F-43EA-98B4-A75F3AABE861}.Release|Win32.ActiveCfg = Release|Win32
		{449AD57C-4D7F-43EA-98B4-A75F3AABE861}.Release|Win32.Build.0 = Release|Win32
		{78313A58-91B9-47FB-96B4-6C36B8CD1C1E}.Debug|Win32.ActiveCfg = Debug|Win32
		{78313A58-91B9-47FB-96B4-6C36B8CD1C1E}.Debug|Win32.Build.0 = Debug|Win32
		{78313A58-91B9-47FB-96B4-6C36B8CD1C1E}.Release|Win32.ActiveCfg = Release|Win32
		{78313A58-91B9-47FB-96B4-6C36B8CD1C1E}.Release|Win32.Build.0 = Release|Win32
		{0D58547A-DAA5-40B4-882D-9723269013C0}.Debug|Win32.ActiveCfg = Debug|Win32
		{0D58547A-DAA5-40B4-882D-9723269013C0}.Debug|Win32.Build.0 = Debug|Win32
		{0D58547A-DAA5-40B4-882D-9723269013C0}.Release|Win32.ActiveCfg = Release|Win32
		{0D58547A-DAA5-40B4-882D-9723269013C0}.Release|Win32.Build.0 = Release|Win32
		{00F243C4-077C-42CE-AB18-3517FB12F34D}.Debug|Win32.ActiveCfg = Debug|Win32
		{00F243C4-077C-42CE-AB18-3517FB12F34D}.Debug|Win32.Build.0 = Debug|Win32
		{00F243C4-077C-42CE-AB18-3517FB12F34D}.Release|Win32.ActiveCfg = Release|Win32
		{00F243C4-077C-42CE-AB18-3517FB12F34D}.Release|Win32.Build.0 = Release|Win32
		{3E8A0483-B0A7-48A4-A774-94775E80A28C}.Debug|Win32.ActiveCfg = Debug|Win32
		{3E8A0483-B0A7-48A4-A774-94775E80A28C}.Debug|Win32.Build.0 = Debug|Win32
		{3E8A0483-B0A7-48A4-A774-94775E80A28C}.Release|Win32.ActiveCfg = Release|Win32
		{3E8A0483-B0A7-48A4-A774-94775E80A28C}.Release|Win32.Build.0 = Release|Win32
		{6CAD5A93-8A7B-4E4C-82FF-FDFADDF7ADBF}.Debug|Win32.ActiveCfg = Debug|Win32
		{6CAD5A93-8A7B-4E4C-82FF-FDFADDF7ADBF}.Debug|Win32.Build.0 = Debug|Win32
		{6CAD5A93-8A7B-4E4C-82FF-FDFADDF7ADBF}.Release|Win32.ActiveCfg = Release|Win32
		{6CAD5A93-8A7B-4E4C-82FF-FDFADDF7ADBF}.Release|Win32.Build.0 = Release|Win32
		{E6F8DEE5-6C7D-4EFD-BF30-74AEE16FDE12}.Debug|Win32.ActiveCfg = Debug|Win32
		{E6F8DEE5-6C7D-4EFD-BF30-74AEE16FDE12}.Debug|Win32.Build.0 = Debug|Win32
		{E6F8DEE5-6C7D-4EFD-BF30-74AEE16FDE12}.Release|Win32.ActiveCfg = Release|Win32
		{E6F8DEE5-6C7D-4EFD-BF30-74AEE16FDE12}.Release|Win32.Build.0 = Release|Win32
		{6E5490F8-37F6-4F79-B2C5-38132C6DE804}.Debug|Win32.ActiveCfg = Debug|Win32
		{6E5490F8-37F6-4F79-B2C5-38132C6DE804}.Debug|Win32.Build.0 = Debug|Win32
		{6E5490F8-37F6-4F79-B2C5-38132C6DE804}.Release|Win32.ActiveCfg = Release|Win32
		{6E5490F8-37F6-4F79-B2C5-38132C6DE804}.Release|Win32.Build.0 = Release|Win32
		{F2B43171-247D-4448-AF7E-10DDE4D102FC}.Debug|Win32.ActiveCfg = Debug|Win32
		{F2B43171-247D-4448-AF7E-10DDE4D102FC}.Debug|Win32.Build.0 = Debug|Win32
		{F2B43171-247D-4448-AF7E-10DDE4D102FC}.Release|Win32.ActiveCfg = Release|Win32
		{F2B43171-247D-4448-AF7E-10DDE4D102FC}.Release|Win32.Build.0 = Release|Win32
		{7C538B1F-3BDF-4EC7-9B79-D050D8B2A226}.Debug|Win32.ActiveCfg = Debug|Win32
		{7C538B1F-3BDF-4EC7-9B79-D050D8B2A226}.Debug|Win32.Build.0 = Debug|Win32
		{7C538B1F-3BDF-4EC7-9B79-D050D8B2A226}.Release|Win32.ActiveCfg = Release|Win32
		{7C538B1F-3BDF-4EC7-9B79-D050D8B2A226}.Release|Win32.Build.0 = Release|Win32
		{EA3B2C21-4CE6-426E-BA84-C116B3F885DA}.Debug|Win32.ActiveCfg = Debug|Win32
		{EA3B2C21-4CE6-426E-BA84-C116B3F885DA}.Debug|Win32.Build.0 = Debug|Win32
		{EA3B2C21-4CE6-426E-BA84-C116B3F885DA}.Release|Win32.ActiveCfg = Release|Win32
		{EA3B2C21-4CE6-426E-BA84-C116B3F885DA}.Release|Win32.Build.0 = Release|Win32
		{D531CACA-D0E0-4A8B-9D62-B54E53DF24C5}.Debug|Win32.ActiveCfg = Debug|Win32
		{D531CACA-D0E0-4A8B-9D62-B54E53DF24C5}.Debug|Win32.Build.0 = Debug|Win32
		{D531CACA-D0E0-4A8B-9D62-B54E53DF24C5}.Release|Win32.ActiveCfg = Release|Win32
		{D531CACA-D0E0-4A8B-9D62-B54E53DF24C5}.Release|Win32.Build.0 = Release|Win32
		{1EF8567F-8CBE-4F11-90D4-A6BF737DDAA0}.Debug|Win32.ActiveCfg = Debug|Win32
		{1EF8567F-8CBE-4F11-90D4-A6BF737DDAA0}.Debug|Win32.Build.0 = Debug|Win32
		{1EF8567F-8CBE-4F11-90D4-A6BF737DDAA0}.Release|Win32.ActiveCfg = Release|Win32
		{1EF8567F-8CBE-4F11-90D4-A6BF737DDAA0}.Release|Win32.Build.0 = Release|Win32
		{45B590F3-977D-427D-BDCF-5617DC2FF670}.Debug|Win32.ActiveCfg = Debug|Win32
		{45B590F3-977D-427D-BDCF-5617DC2FF670}.Debug|Win32.Build.0 = Debug|Win32
		{45B590F3-977D-427D-BDCF-5617DC2FF670}.Release|Win32.ActiveCfg = Release|Win32
		{45B590F3-977D-427D-BDCF-5617DC2FF670}.Release|Win32.Build.0 = Release|Win32
		{D8E6683D-40B8-4BC9-B3EF-50524FBFE242}.Debug|Win32.ActiveCfg = Debug|Win32
		{D8E6683D-40B8-4BC9-B3EF-50524FBFE242}.Debug|Win32.Build.0 = Debug|Win32
		{D8E6683D-40B8-4BC9-B3EF-50524FBFE242}.Release|Win32.ActiveCfg = Release|Win32
		{D8E6683D-40B8-4BC9-B3EF-50524FBFE242}.Release|Win32.Build.0 = Release|Win32
		{8BBD1A28-B338-4E23-B2AB-04A71D46F405}.Debug|Win32.ActiveCfg = Debug|Win32
		{8BBD1A28-B338-4E23-B2AB-04A71D46F405}.Debug|Win32.Build.0 = Debug|Win32
		{8BBD1A28-B338-4E23-B2AB-04A71D46F405}.Release|Win32.ActiveCfg = Release|Win32
		{8BBD1A28-B338-4E23-B2AB-04A71D46F405}.Release|Win32.Build.0 = Release|Win32
		{D4CD16E1-C5A6-4A8E-84AA-C7383B25C6D1}.Debug|Win32.ActiveCfg = Debug|Win32
		{D4CD16E1-C5A6-4A8E-84AA-C7383B25C6D1}.Debug|Win32.Build.0 = Debug|Win32
		{D4CD16E1-C5A6-4A8E-84AA-C7383B25C6D1}.Release|Win32.ActiveCfg = Release|Win32
		{D4CD16E1-C5A6-4A8E-84AA-C7383B25C6D1}.Release|Win32.Build.0 = Release|Win32
		{0D9D1C12-471A-4728-BA2B-76D86778E28B}.Debug|Win32.ActiveCfg = Debug|Win32
		{0D9D1C12-471A-4728-BA2B-76D86778E28B}.Debug|Win32.Build.0 = Debug|Win32
		{0D9D1C12-471A-4728-BA2B-76D86778E28B}.Release|Win32.ActiveCfg = Release|Win32
		{0D9D1C12-471A-4728-BA2B-76D86778E28B}.Release|Win32.Build.0 = Release|Win32
		{8D488E1A-D878-4C72-A0FA-B501B6DA02A4}.Debug|Win32.ActiveCfg = Debug|Win32
		{8D488E1A-D878-4C72-A0FA-B501B6DA02A4}.Debug|Win32.Build.0 = Debug|Win32
		{8D488E1A-D878-4C72-A0FA-B501B6DA02A4}.Release|Win32.ActiveCfg = Release|Win32
		{8D488E1A-D878-4C72-A0FA-B501B6DA02A4}.Release|Win32.Build.0 = Release|Win32
		{0FA510CD-5C0A-48C3-8CD6-6843AE49D8FA}.Debug|Win32.ActiveCfg = Debug|Win32
		{0FA510CD-5C0A-48C3-8CD6-6843AE49D8FA}.Debug|Win32.Build.0 = Debug|Win32
		{0FA510CD-5C0A-48C3-8CD6-6843AE49D8FA}.Release|Win32.ActiveCfg = Release|Win32
		{0FA510CD-5C0A-48C3-8CD6-6843AE49D8FA}.Release|Win32.Build.0 = Release|Win32
	EndGlobalSection
	GlobalSection(SolutionProperties) = preSolution
		HideSolutionNode = FALSE
	EndGlobalSection
EndGlobal
