<?xml version="1.0" encoding="utf-8"?>
<Project ToolsVersion="4.0" xmlns="http://schemas.microsoft.com/developer/msbuild/2003">
  <ItemGroup>
    <Filter Include="소스 파일">
      <UniqueIdentifier>{4FC737F1-C7A5-4376-A066-2A32D752A2FF}</UniqueIdentifier>
      <Extensions>cpp;c;cc;cxx;def;odl;idl;hpj;bat;asm;asmx</Extensions>
    </Filter>
    <Filter Include="헤더 파일">
      <UniqueIdentifier>{93995380-89BD-4b04-88EB-625FBE52EBFB}</UniqueIdentifier>
      <Extensions>h;hh;hpp;hxx;hm;inl;inc;xsd</Extensions>
    </Filter>
    <Filter Include="CustomBuild">
      <UniqueIdentifier>{911b741a-3398-4d54-9a9f-d8e9c50e2c42}</UniqueIdentifier>
    </Filter>
    <Filter Include="Python">
      <UniqueIdentifier>{3d7b5876-3568-4c29-985d-37465648a3bd}</UniqueIdentifier>
    </Filter>
    <Filter Include="Features">
      <UniqueIdentifier>{7b351124-baf7-4037-9afc-2fec564b465a}</UniqueIdentifier>
    </Filter>
    <Filter Include="Properties">
      <UniqueIdentifier>{f96df556-0529-494d-b8ba-768f784f2bbe}</UniqueIdentifier>
    </Filter>
  </ItemGroup>
  <ItemGroup>
    <CustomBuild Include="Init.py.rule">
      <Filter>CustomBuild</Filter>
    </CustomBuild>
    <CustomBuild Include="JointFeatures.py.rule">
      <Filter>CustomBuild</Filter>
    </CustomBuild>
    <CustomBuild Include="MakeBottle.py.rule">
      <Filter>CustomBuild</Filter>
    </CustomBuild>
    <CustomBuild Include="TestPartApp.py.rule">
      <Filter>CustomBuild</Filter>
    </CustomBuild>
    <CustomBuild Include="ArcOfCirclePy.xml">
      <Filter>Python</Filter>
    </CustomBuild>
    <CustomBuild Include="ArcOfEllipsePy.xml">
      <Filter>Python</Filter>
    </CustomBuild>
    <CustomBuild Include="ArcOfHyperbolaPy.xml">
      <Filter>Python</Filter>
    </CustomBuild>
    <CustomBuild Include="ArcOfParabolaPy.xml">
      <Filter>Python</Filter>
    </CustomBuild>
    <CustomBuild Include="ArcPy.xml">
      <Filter>Python</Filter>
    </CustomBuild>
    <CustomBuild Include="BezierCurvePy.xml">
      <Filter>Python</Filter>
    </CustomBuild>
    <CustomBuild Include="BezierSurfacePy.xml">
      <Filter>Python</Filter>
    </CustomBuild>
    <CustomBuild Include="BRepOffsetAPI_MakePipeShellPy.xml">
      <Filter>Python</Filter>
    </CustomBuild>
    <CustomBuild Include="BSplineCurvePy.xml">
      <Filter>Python</Filter>
    </CustomBuild>
    <CustomBuild Include="BSplineSurfacePy.xml">
      <Filter>Python</Filter>
    </CustomBuild>
    <CustomBuild Include="CirclePy.xml">
      <Filter>Python</Filter>
    </CustomBuild>
    <CustomBuild Include="ConePy.xml">
      <Filter>Python</Filter>
    </CustomBuild>
    <CustomBuild Include="CylinderPy.xml">
      <Filter>Python</Filter>
    </CustomBuild>
    <CustomBuild Include="EllipsePy.xml">
      <Filter>Python</Filter>
    </CustomBuild>
    <CustomBuild Include="GeometryCurvePy.xml">
      <Filter>Python</Filter>
    </CustomBuild>
    <CustomBuild Include="GeometryPy.xml">
      <Filter>Python</Filter>
    </CustomBuild>
    <CustomBuild Include="GeometrySurfacePy.xml">
      <Filter>Python</Filter>
    </CustomBuild>
    <CustomBuild Include="HyperbolaPy.xml">
      <Filter>Python</Filter>
    </CustomBuild>
    <CustomBuild Include="LinePy.xml">
      <Filter>Python</Filter>
    </CustomBuild>
    <CustomBuild Include="OffsetCurvePy.xml">
      <Filter>Python</Filter>
    </CustomBuild>
    <CustomBuild Include="OffsetSurfacePy.xml">
      <Filter>Python</Filter>
    </CustomBuild>
    <CustomBuild Include="ParabolaPy.xml">
      <Filter>Python</Filter>
    </CustomBuild>
    <CustomBuild Include="Part2DObjectPy.xml">
      <Filter>Python</Filter>
    </CustomBuild>
    <CustomBuild Include="PartFeaturePy.xml">
      <Filter>Python</Filter>
    </CustomBuild>
    <CustomBuild Include="PlanePy.xml">
      <Filter>Python</Filter>
    </CustomBuild>
    <CustomBuild Include="PlateSurfacePy.xml">
      <Filter>Python</Filter>
    </CustomBuild>
    <CustomBuild Include="PointPy.xml">
      <Filter>Python</Filter>
    </CustomBuild>
    <CustomBuild Include="RectangularTrimmedSurfacePy.xml">
      <Filter>Python</Filter>
    </CustomBuild>
    <CustomBuild Include="SpherePy.xml">
      <Filter>Python</Filter>
    </CustomBuild>
    <CustomBuild Include="SurfaceOfExtrusionPy.xml">
      <Filter>Python</Filter>
    </CustomBuild>
    <CustomBuild Include="SurfaceOfRevolutionPy.xml">
      <Filter>Python</Filter>
    </CustomBuild>
    <CustomBuild Include="TopoShapeCompoundPy.xml">
      <Filter>Python</Filter>
    </CustomBuild>
    <CustomBuild Include="TopoShapeCompSolidPy.xml">
      <Filter>Python</Filter>
    </CustomBuild>
    <CustomBuild Include="TopoShapeEdgePy.xml">
      <Filter>Python</Filter>
    </CustomBuild>
    <CustomBuild Include="TopoShapeFacePy.xml">
      <Filter>Python</Filter>
    </CustomBuild>
    <CustomBuild Include="TopoShapePy.xml">
      <Filter>Python</Filter>
    </CustomBuild>
    <CustomBuild Include="TopoShapeShellPy.xml">
      <Filter>Python</Filter>
    </CustomBuild>
    <CustomBuild Include="TopoShapeSolidPy.xml">
      <Filter>Python</Filter>
    </CustomBuild>
    <CustomBuild Include="TopoShapeVertexPy.xml">
      <Filter>Python</Filter>
    </CustomBuild>
    <CustomBuild Include="TopoShapeWirePy.xml">
      <Filter>Python</Filter>
    </CustomBuild>
    <CustomBuild Include="ToroidPy.xml">
      <Filter>Python</Filter>
    </CustomBuild>
  </ItemGroup>
  <ItemGroup>
    <ClCompile Include="ArcOfCirclePyImp.cpp">
      <Filter>Python</Filter>
    </ClCompile>
    <ClCompile Include="ArcOfEllipsePyImp.cpp">
      <Filter>Python</Filter>
    </ClCompile>
    <ClCompile Include="ArcOfHyperbolaPyImp.cpp">
      <Filter>Python</Filter>
    </ClCompile>
    <ClCompile Include="ArcOfParabolaPyImp.cpp">
      <Filter>Python</Filter>
    </ClCompile>
    <ClCompile Include="ArcPyImp.cpp">
      <Filter>Python</Filter>
    </ClCompile>
    <ClCompile Include="BezierCurvePyImp.cpp">
      <Filter>Python</Filter>
    </ClCompile>
    <ClCompile Include="BezierSurfacePyImp.cpp">
      <Filter>Python</Filter>
    </ClCompile>
    <ClCompile Include="BRepOffsetAPI_MakePipeShellPyImp.cpp">
      <Filter>Python</Filter>
    </ClCompile>
    <ClCompile Include="BSplineCurvePyImp.cpp">
      <Filter>Python</Filter>
    </ClCompile>
    <ClCompile Include="BSplineSurfacePyImp.cpp">
      <Filter>Python</Filter>
    </ClCompile>
    <ClCompile Include="CirclePyImp.cpp">
      <Filter>Python</Filter>
    </ClCompile>
    <ClCompile Include="ConePyImp.cpp">
      <Filter>Python</Filter>
    </ClCompile>
    <ClCompile Include="CylinderPyImp.cpp">
      <Filter>Python</Filter>
    </ClCompile>
    <ClCompile Include="EllipsePyImp.cpp">
      <Filter>Python</Filter>
    </ClCompile>
    <ClCompile Include="GeometryCurvePyImp.cpp">
      <Filter>Python</Filter>
    </ClCompile>
    <ClCompile Include="GeometryPyImp.cpp">
      <Filter>Python</Filter>
    </ClCompile>
    <ClCompile Include="GeometrySurfacePyImp.cpp">
      <Filter>Python</Filter>
    </ClCompile>
    <ClCompile Include="HyperbolaPyImp.cpp">
      <Filter>Python</Filter>
    </ClCompile>
    <ClCompile Include="LinePyImp.cpp">
      <Filter>Python</Filter>
    </ClCompile>
    <ClCompile Include="OffsetCurvePyImp.cpp">
      <Filter>Python</Filter>
    </ClCompile>
    <ClCompile Include="OffsetSurfacePyImp.cpp">
      <Filter>Python</Filter>
    </ClCompile>
    <ClCompile Include="ParabolaPyImp.cpp">
      <Filter>Python</Filter>
    </ClCompile>
    <ClCompile Include="Part2DObjectPyImp.cpp">
      <Filter>Python</Filter>
    </ClCompile>
    <ClCompile Include="PartFeaturePyImp.cpp">
      <Filter>Python</Filter>
    </ClCompile>
    <ClCompile Include="PlanePyImp.cpp">
      <Filter>Python</Filter>
    </ClCompile>
    <ClCompile Include="PlateSurfacePyImp.cpp">
      <Filter>Python</Filter>
    </ClCompile>
    <ClCompile Include="PointPyImp.cpp">
      <Filter>Python</Filter>
    </ClCompile>
    <ClCompile Include="RectangularTrimmedSurfacePyImp.cpp">
      <Filter>Python</Filter>
    </ClCompile>
    <ClCompile Include="SpherePyImp.cpp">
      <Filter>Python</Filter>
    </ClCompile>
    <ClCompile Include="SurfaceOfExtrusionPyImp.cpp">
      <Filter>Python</Filter>
    </ClCompile>
    <ClCompile Include="SurfaceOfRevolutionPyImp.cpp">
      <Filter>Python</Filter>
    </ClCompile>
    <ClCompile Include="TopoShapeCompoundPyImp.cpp">
      <Filter>Python</Filter>
    </ClCompile>
    <ClCompile Include="TopoShapeCompSolidPyImp.cpp">
      <Filter>Python</Filter>
    </ClCompile>
    <ClCompile Include="TopoShapeEdgePyImp.cpp">
      <Filter>Python</Filter>
    </ClCompile>
    <ClCompile Include="TopoShapeFacePyImp.cpp">
      <Filter>Python</Filter>
    </ClCompile>
    <ClCompile Include="TopoShapePyImp.cpp">
      <Filter>Python</Filter>
    </ClCompile>
    <ClCompile Include="TopoShapeShellPyImp.cpp">
      <Filter>Python</Filter>
    </ClCompile>
    <ClCompile Include="TopoShapeSolidPyImp.cpp">
      <Filter>Python</Filter>
    </ClCompile>
    <ClCompile Include="TopoShapeVertexPyImp.cpp">
      <Filter>Python</Filter>
    </ClCompile>
    <ClCompile Include="TopoShapeWirePyImp.cpp">
      <Filter>Python</Filter>
    </ClCompile>
    <ClCompile Include="ToroidPyImp.cpp">
      <Filter>Python</Filter>
    </ClCompile>
    <ClCompile Include="CustomFeature.cpp">
      <Filter>Features</Filter>
    </ClCompile>
    <ClCompile Include="FeatureChamfer.cpp">
      <Filter>Features</Filter>
    </ClCompile>
    <ClCompile Include="FeatureCompound.cpp">
      <Filter>Features</Filter>
    </ClCompile>
    <ClCompile Include="FeatureExtrusion.cpp">
      <Filter>Features</Filter>
    </ClCompile>
    <ClCompile Include="FeatureFace.cpp">
      <Filter>Features</Filter>
    </ClCompile>
    <ClCompile Include="FeatureFillet.cpp">
      <Filter>Features</Filter>
    </ClCompile>
    <ClCompile Include="FeatureGeometrySet.cpp">
      <Filter>Features</Filter>
    </ClCompile>
    <ClCompile Include="FeatureMirroring.cpp">
      <Filter>Features</Filter>
    </ClCompile>
    <ClCompile Include="FeaturePartBoolean.cpp">
      <Filter>Features</Filter>
    </ClCompile>
    <ClCompile Include="FeaturePartBox.cpp">
      <Filter>Features</Filter>
    </ClCompile>
    <ClCompile Include="FeaturePartCircle.cpp">
      <Filter>Features</Filter>
    </ClCompile>
    <ClCompile Include="FeaturePartCommon.cpp">
      <Filter>Features</Filter>
    </ClCompile>
    <ClCompile Include="FeaturePartCurveNet.cpp">
      <Filter>Features</Filter>
    </ClCompile>
    <ClCompile Include="FeaturePartCut.cpp">
      <Filter>Features</Filter>
    </ClCompile>
    <ClCompile Include="FeaturePartFuse.cpp">
      <Filter>Features</Filter>
    </ClCompile>
    <ClCompile Include="FeaturePartImportBrep.cpp">
      <Filter>Features</Filter>
    </ClCompile>
    <ClCompile Include="FeaturePartImportIges.cpp">
      <Filter>Features</Filter>
    </ClCompile>
    <ClCompile Include="FeaturePartImportStep.cpp">
      <Filter>Features</Filter>
    </ClCompile>
    <ClCompile Include="FeaturePartPolygon.cpp">
      <Filter>Features</Filter>
    </ClCompile>
    <ClCompile Include="FeaturePartSection.cpp">
      <Filter>Features</Filter>
    </ClCompile>
    <ClCompile Include="FeaturePartSpline.cpp">
      <Filter>Features</Filter>
    </ClCompile>
    <ClCompile Include="FeatureRevolution.cpp">
      <Filter>Features</Filter>
    </ClCompile>
    <ClCompile Include="Part2DObject.cpp">
      <Filter>Features</Filter>
    </ClCompile>
    <ClCompile Include="PartFeature.cpp">
      <Filter>Features</Filter>
    </ClCompile>
    <ClCompile Include="PartFeatureReference.cpp">
      <Filter>Features</Filter>
    </ClCompile>
    <ClCompile Include="PartFeatures.cpp">
      <Filter>Features</Filter>
    </ClCompile>
    <ClCompile Include="PrimitiveFeature.cpp">
      <Filter>Features</Filter>
    </ClCompile>
    <ClCompile Include="PropertyGeometryList.cpp">
      <Filter>Properties</Filter>
    </ClCompile>
    <ClCompile Include="PropertyTopoShape.cpp">
      <Filter>Properties</Filter>
    </ClCompile>
    <ClCompile Include="AppPart.cpp">
      <Filter>소스 파일</Filter>
    </ClCompile>
    <ClCompile Include="AppPartPy.cpp">
      <Filter>소스 파일</Filter>
    </ClCompile>
    <ClCompile Include="BSplineCurveBiArcs.cpp">
      <Filter>소스 파일</Filter>
    </ClCompile>
    <ClCompile Include="CrossSection.cpp">
      <Filter>소스 파일</Filter>
    </ClCompile>
    <ClCompile Include="edgecluster.cpp">
      <Filter>소스 파일</Filter>
    </ClCompile>
    <ClCompile Include="FT2FC.cpp">
      <Filter>소스 파일</Filter>
    </ClCompile>
    <ClCompile Include="Geometry.cpp">
      <Filter>소스 파일</Filter>
    </ClCompile>
    <ClCompile Include="ImportIges.cpp">
      <Filter>소스 파일</Filter>
    </ClCompile>
    <ClCompile Include="ImportStep.cpp">
      <Filter>소스 파일</Filter>
    </ClCompile>
    <ClCompile Include="modelRefine.cpp">
      <Filter>소스 파일</Filter>
    </ClCompile>
    <ClCompile Include="PreCompiled.cpp">
      <Filter>소스 파일</Filter>
    </ClCompile>
    <ClCompile Include="ProgressIndicator.cpp">
      <Filter>소스 파일</Filter>
    </ClCompile>
    <ClCompile Include="Tools.cpp">
      <Filter>소스 파일</Filter>
    </ClCompile>
    <ClCompile Include="TopoShape.cpp">
      <Filter>소스 파일</Filter>
    </ClCompile>
  </ItemGroup>
  <ItemGroup>
    <ClInclude Include="CustomFeature.h">
      <Filter>Features</Filter>
    </ClInclude>
    <ClInclude Include="FeatureChamfer.h">
      <Filter>Features</Filter>
    </ClInclude>
    <ClInclude Include="FeatureCompound.h">
      <Filter>Features</Filter>
    </ClInclude>
    <ClInclude Include="FeatureExtrusion.h">
      <Filter>Features</Filter>
    </ClInclude>
    <ClInclude Include="FeatureFace.h">
      <Filter>Features</Filter>
    </ClInclude>
    <ClInclude Include="FeatureFillet.h">
      <Filter>Features</Filter>
    </ClInclude>
    <ClInclude Include="FeatureGeometrySet.h">
      <Filter>Features</Filter>
    </ClInclude>
    <ClInclude Include="FeatureMirroring.h">
      <Filter>Features</Filter>
    </ClInclude>
    <ClInclude Include="FeaturePartBoolean.h">
      <Filter>Features</Filter>
    </ClInclude>
    <ClInclude Include="FeaturePartBox.h">
      <Filter>Features</Filter>
    </ClInclude>
    <ClInclude Include="FeaturePartCircle.h">
      <Filter>Features</Filter>
    </ClInclude>
    <ClInclude Include="FeaturePartCommon.h">
      <Filter>Features</Filter>
    </ClInclude>
    <ClInclude Include="FeaturePartCurveNet.h">
      <Filter>Features</Filter>
    </ClInclude>
    <ClInclude Include="FeaturePartCut.h">
      <Filter>Features</Filter>
    </ClInclude>
    <ClInclude Include="FeaturePartFuse.h">
      <Filter>Features</Filter>
    </ClInclude>
    <ClInclude Include="FeaturePartImportBrep.h">
      <Filter>Features</Filter>
    </ClInclude>
    <ClInclude Include="FeaturePartImportIges.h">
      <Filter>Features</Filter>
    </ClInclude>
    <ClInclude Include="FeaturePartImportStep.h">
      <Filter>Features</Filter>
    </ClInclude>
    <ClInclude Include="FeaturePartPolygon.h">
      <Filter>Features</Filter>
    </ClInclude>
    <ClInclude Include="FeaturePartSection.h">
      <Filter>Features</Filter>
    </ClInclude>
    <ClInclude Include="FeaturePartSpline.h">
      <Filter>Features</Filter>
    </ClInclude>
    <ClInclude Include="FeatureRevolution.h">
      <Filter>Features</Filter>
    </ClInclude>
    <ClInclude Include="Part2DObject.h">
      <Filter>Features</Filter>
    </ClInclude>
    <ClInclude Include="PartFeature.h">
      <Filter>Features</Filter>
    </ClInclude>
    <ClInclude Include="PartFeatureReference.h">
      <Filter>Features</Filter>
    </ClInclude>
    <ClInclude Include="PartFeatures.h">
      <Filter>Features</Filter>
    </ClInclude>
    <ClInclude Include="PrimitiveFeature.h">
      <Filter>Features</Filter>
    </ClInclude>
    <ClInclude Include="CrossSection.h">
      <Filter>헤더 파일</Filter>
    </ClInclude>
    <ClInclude Include="edgecluster.h">
      <Filter>헤더 파일</Filter>
    </ClInclude>
    <ClInclude Include="encodeFilename.h">
      <Filter>헤더 파일</Filter>
    </ClInclude>
    <ClInclude Include="FT2FC.h">
      <Filter>헤더 파일</Filter>
    </ClInclude>
    <ClInclude Include="Geometry.h">
      <Filter>헤더 파일</Filter>
    </ClInclude>
    <ClInclude Include="ImportIges.h">
      <Filter>헤더 파일</Filter>
    </ClInclude>
    <ClInclude Include="ImportStep.h">
      <Filter>헤더 파일</Filter>
    </ClInclude>
    <ClInclude Include="modelRefine.h">
      <Filter>헤더 파일</Filter>
    </ClInclude>
    <ClInclude Include="OCCError.h">
      <Filter>헤더 파일</Filter>
    </ClInclude>
    <ClInclude Include="PreCompiled.h">
      <Filter>헤더 파일</Filter>
    </ClInclude>
    <ClInclude Include="ProgressIndicator.h">
      <Filter>헤더 파일</Filter>
    </ClInclude>
    <ClInclude Include="Tools.h">
      <Filter>헤더 파일</Filter>
    </ClInclude>
    <ClInclude Include="TopoShape.h">
      <Filter>헤더 파일</Filter>
    </ClInclude>
    <ClInclude Include="PropertyGeometryList.h">
      <Filter>Properties</Filter>
    </ClInclude>
    <ClInclude Include="PropertyTopoShape.h">
      <Filter>Properties</Filter>
    </ClInclude>
  </ItemGroup>
</Project>