<?xml version="1.0" encoding="utf-8"?>
<Project ToolsVersion="4.0" xmlns="http://schemas.microsoft.com/developer/msbuild/2003">
  <ItemGroup>
    <Filter Include="소스 파일">
      <UniqueIdentifier>{4FC737F1-C7A5-4376-A066-2A32D752A2FF}</UniqueIdentifier>
      <Extensions>cpp;c;cc;cxx;def;odl;idl;hpj;bat;asm;asmx</Extensions>
    </Filter>
    <Filter Include="헤더 파일">
      <UniqueIdentifier>{93995380-89BD-4b04-88EB-625FBE52EBFB}</UniqueIdentifier>
      <Extensions>h;hh;hpp;hxx;hm;inl;inc;xsd</Extensions>
    </Filter>
    <Filter Include="CustomBuild">
      <UniqueIdentifier>{853e4486-2908-4f22-b8aa-4d9aab7c49c3}</UniqueIdentifier>
    </Filter>
    <Filter Include="DressUpFeatures">
      <UniqueIdentifier>{8fa6d6b6-fa3b-4c5a-8dbe-a4be26e8686c}</UniqueIdentifier>
    </Filter>
    <Filter Include="Features">
      <UniqueIdentifier>{309b1290-0809-43cf-81c2-65416305404f}</UniqueIdentifier>
    </Filter>
    <Filter Include="FeaturesTransformed">
      <UniqueIdentifier>{7d980b02-92cb-4a43-a1f3-92aca06bf8f6}</UniqueIdentifier>
    </Filter>
    <Filter Include="Module">
      <UniqueIdentifier>{9ed5e335-49dd-4bf2-8648-575b175ba91d}</UniqueIdentifier>
    </Filter>
    <Filter Include="SketchBasedFeatures">
      <UniqueIdentifier>{8674236f-cd1b-4272-ac64-7f3f2c5e0497}</UniqueIdentifier>
    </Filter>
    <Filter Include="WizardShaft">
      <UniqueIdentifier>{ac5996c4-85be-492f-a7e8-365422929a18}</UniqueIdentifier>
    </Filter>
  </ItemGroup>
  <ItemGroup>
    <ClCompile Include="FeatureChamfer.cpp">
      <Filter>DressUpFeatures</Filter>
    </ClCompile>
    <ClCompile Include="FeatureDraft.cpp">
      <Filter>DressUpFeatures</Filter>
    </ClCompile>
    <ClCompile Include="FeatureDressUp.cpp">
      <Filter>DressUpFeatures</Filter>
    </ClCompile>
    <ClCompile Include="FeatureFillet.cpp">
      <Filter>DressUpFeatures</Filter>
    </ClCompile>
    <ClCompile Include="Body.cpp">
      <Filter>Features</Filter>
    </ClCompile>
    <ClCompile Include="Feature.cpp">
      <Filter>Features</Filter>
    </ClCompile>
    <ClCompile Include="FeatureLinearPattern.cpp">
      <Filter>FeaturesTransformed</Filter>
    </ClCompile>
    <ClCompile Include="FeatureMirrored.cpp">
      <Filter>FeaturesTransformed</Filter>
    </ClCompile>
    <ClCompile Include="FeatureMultiTransform.cpp">
      <Filter>FeaturesTransformed</Filter>
    </ClCompile>
    <ClCompile Include="FeaturePolarPattern.cpp">
      <Filter>FeaturesTransformed</Filter>
    </ClCompile>
    <ClCompile Include="FeatureScaled.cpp">
      <Filter>FeaturesTransformed</Filter>
    </ClCompile>
    <ClCompile Include="FeatureTransformed.cpp">
      <Filter>FeaturesTransformed</Filter>
    </ClCompile>
    <ClCompile Include="AppPartDesign.cpp">
      <Filter>Module</Filter>
    </ClCompile>
    <ClCompile Include="AppPartDesignPy.cpp">
      <Filter>Module</Filter>
    </ClCompile>
    <ClCompile Include="PreCompiled.cpp">
      <Filter>Module</Filter>
    </ClCompile>
    <ClCompile Include="FeatureAdditive.cpp">
      <Filter>SketchBasedFeatures</Filter>
    </ClCompile>
    <ClCompile Include="FeatureGroove.cpp">
      <Filter>SketchBasedFeatures</Filter>
    </ClCompile>
    <ClCompile Include="FeatureHole.cpp">
      <Filter>SketchBasedFeatures</Filter>
    </ClCompile>
    <ClCompile Include="FeaturePad.cpp">
      <Filter>SketchBasedFeatures</Filter>
    </ClCompile>
    <ClCompile Include="FeaturePocket.cpp">
      <Filter>SketchBasedFeatures</Filter>
    </ClCompile>
    <ClCompile Include="FeatureRevolution.cpp">
      <Filter>SketchBasedFeatures</Filter>
    </ClCompile>
    <ClCompile Include="FeatureSketchBased.cpp">
      <Filter>SketchBasedFeatures</Filter>
    </ClCompile>
    <ClCompile Include="FeatureSubtractive.cpp">
      <Filter>SketchBasedFeatures</Filter>
    </ClCompile>
  </ItemGroup>
  <ItemGroup>
    <ClInclude Include="FeatureChamfer.h">
      <Filter>DressUpFeatures</Filter>
    </ClInclude>
    <ClInclude Include="FeatureDraft.h">
      <Filter>DressUpFeatures</Filter>
    </ClInclude>
    <ClInclude Include="FeatureDressUp.h">
      <Filter>DressUpFeatures</Filter>
    </ClInclude>
    <ClInclude Include="FeatureFillet.h">
      <Filter>DressUpFeatures</Filter>
    </ClInclude>
    <ClInclude Include="Body.h">
      <Filter>Features</Filter>
    </ClInclude>
    <ClInclude Include="Feature.h">
      <Filter>Features</Filter>
    </ClInclude>
    <ClInclude Include="FeatureLinearPattern.h">
      <Filter>FeaturesTransformed</Filter>
    </ClInclude>
    <ClInclude Include="FeatureMirrored.h">
      <Filter>FeaturesTransformed</Filter>
    </ClInclude>
    <ClInclude Include="FeatureMultiTransform.h">
      <Filter>FeaturesTransformed</Filter>
    </ClInclude>
    <ClInclude Include="FeaturePolarPattern.h">
      <Filter>FeaturesTransformed</Filter>
    </ClInclude>
    <ClInclude Include="FeatureScaled.h">
      <Filter>FeaturesTransformed</Filter>
    </ClInclude>
    <ClInclude Include="FeatureTransformed.h">
      <Filter>FeaturesTransformed</Filter>
    </ClInclude>
    <ClInclude Include="PreCompiled.h">
      <Filter>Module</Filter>
    </ClInclude>
    <ClInclude Include="FeatureAdditive.h">
      <Filter>SketchBasedFeatures</Filter>
    </ClInclude>
    <ClInclude Include="FeatureGroove.h">
      <Filter>SketchBasedFeatures</Filter>
    </ClInclude>
    <ClInclude Include="FeatureHole.h">
      <Filter>SketchBasedFeatures</Filter>
    </ClInclude>
    <ClInclude Include="FeaturePad.h">
      <Filter>SketchBasedFeatures</Filter>
    </ClInclude>
    <ClInclude Include="FeaturePocket.h">
      <Filter>SketchBasedFeatures</Filter>
    </ClInclude>
    <ClInclude Include="FeatureRevolution.h">
      <Filter>SketchBasedFeatures</Filter>
    </ClInclude>
    <ClInclude Include="FeatureSketchBased.h">
      <Filter>SketchBasedFeatures</Filter>
    </ClInclude>
    <ClInclude Include="FeatureSubtractive.h">
      <Filter>SketchBasedFeatures</Filter>
    </ClInclude>
  </ItemGroup>
  <ItemGroup>
    <CustomBuild Include="CustomBuild\__fcgear_init__.py.rule">
      <Filter>CustomBuild</Filter>
    </CustomBuild>
    <CustomBuild Include="CustomBuild\__init__.py.rule">
      <Filter>CustomBuild</Filter>
    </CustomBuild>
    <CustomBuild Include="CustomBuild\__scripts_init__.py.rule">
      <Filter>CustomBuild</Filter>
    </CustomBuild>
    <CustomBuild Include="CustomBuild\DistanceBolt.py.rule">
      <Filter>CustomBuild</Filter>
    </CustomBuild>
    <CustomBuild Include="CustomBuild\Epitrochoid.py.rule">
      <Filter>CustomBuild</Filter>
    </CustomBuild>
    <CustomBuild Include="CustomBuild\fcgear.py.rule">
      <Filter>CustomBuild</Filter>
    </CustomBuild>
    <CustomBuild Include="CustomBuild\fcgeardialog.py.rule">
      <Filter>CustomBuild</Filter>
    </CustomBuild>
    <CustomBuild Include="CustomBuild\FilletArc.py.rule">
      <Filter>CustomBuild</Filter>
    </CustomBuild>
    <CustomBuild Include="CustomBuild\Gear.py.rule">
      <Filter>CustomBuild</Filter>
    </CustomBuild>
    <CustomBuild Include="CustomBuild\Init.py.rule">
      <Filter>CustomBuild</Filter>
    </CustomBuild>
    <CustomBuild Include="CustomBuild\involute.py.rule">
      <Filter>CustomBuild</Filter>
    </CustomBuild>
    <CustomBuild Include="CustomBuild\involuteGearFeature.py.rule">
      <Filter>CustomBuild</Filter>
    </CustomBuild>
    <CustomBuild Include="CustomBuild\involuteGearFeature.ui.rule">
      <Filter>CustomBuild</Filter>
    </CustomBuild>
    <CustomBuild Include="CustomBuild\Parallelepiped.py.rule">
      <Filter>CustomBuild</Filter>
    </CustomBuild>
    <CustomBuild Include="CustomBuild\RadialCopy.py.rule">
      <Filter>CustomBuild</Filter>
    </CustomBuild>
    <CustomBuild Include="CustomBuild\Spring.py.rule">
      <Filter>CustomBuild</Filter>
    </CustomBuild>
    <CustomBuild Include="CustomBuild\svggear.py.rule">
      <Filter>CustomBuild</Filter>
    </CustomBuild>
    <CustomBuild Include="CustomBuild\TestPartDesignApp.py.rule">
      <Filter>CustomBuild</Filter>
    </CustomBuild>
    <CustomBuild Include="..\WizardShaft\__init__.py">
      <Filter>WizardShaft</Filter>
    </CustomBuild>
    <CustomBuild Include="..\WizardShaft\SegmentFunction.py">
      <Filter>WizardShaft</Filter>
    </CustomBuild>
    <CustomBuild Include="..\WizardShaft\Shaft.py">
      <Filter>WizardShaft</Filter>
    </CustomBuild>
    <CustomBuild Include="..\WizardShaft\ShaftDiagram.py">
      <Filter>WizardShaft</Filter>
    </CustomBuild>
    <CustomBuild Include="..\WizardShaft\ShaftFeature.py">
      <Filter>WizardShaft</Filter>
    </CustomBuild>
    <CustomBuild Include="..\WizardShaft\WizardShaft.py">
      <Filter>WizardShaft</Filter>
    </CustomBuild>
    <CustomBuild Include="..\WizardShaft\WizardShaft.svg">
      <Filter>WizardShaft</Filter>
    </CustomBuild>
    <CustomBuild Include="..\WizardShaft\WizardShaftTable.py">
      <Filter>WizardShaft</Filter>
    </CustomBuild>
  </ItemGroup>
</Project>