<?xml version="1.0" encoding="utf-8"?>
<Project ToolsVersion="4.0" xmlns="http://schemas.microsoft.com/developer/msbuild/2003">
  <ItemGroup>
    <Filter Include="소스 파일">
      <UniqueIdentifier>{4FC737F1-C7A5-4376-A066-2A32D752A2FF}</UniqueIdentifier>
      <Extensions>cpp;c;cc;cxx;def;odl;idl;hpj;bat;asm;asmx</Extensions>
    </Filter>
    <Filter Include="헤더 파일">
      <UniqueIdentifier>{93995380-89BD-4b04-88EB-625FBE52EBFB}</UniqueIdentifier>
      <Extensions>h;hh;hpp;hxx;hm;inl;inc;xsd</Extensions>
    </Filter>
  </ItemGroup>
  <ItemGroup>
    <None Include="CrossSections.ui" />
    <None Include="DlgBlock.ui" />
    <None Include="DlgBooleanOperation.ui" />
    <None Include="DlgExtrusion.ui" />
    <None Include="DlgFilletEdges.ui" />
    <None Include="DlgImportExportIges.ui" />
    <None Include="DlgImportExportStep.ui" />
    <None Include="DlgPartBox.ui" />
    <None Include="DlgPartCylinder.ui" />
    <None Include="DlgPartImportIges.ui" />
    <None Include="DlgPartImportStep.ui" />
    <None Include="DlgPrimitives.ui" />
    <None Include="DlgRevolution.ui" />
    <None Include="DlgSettings3DViewPart.ui" />
    <None Include="DlgSettingsGeneral.ui" />
    <None Include="DlgSettingsObjectColor.ui" />
    <None Include="Location.ui" />
    <None Include="Mirroring.ui" />
    <None Include="TaskFaceColors.ui" />
    <None Include="TaskLoft.ui" />
    <None Include="TaskOffset.ui" />
    <None Include="TaskShapeBuilder.ui" />
    <None Include="TaskSweep.ui" />
  </ItemGroup>
  <ItemGroup>
    <ClCompile Include="AppPartGui.cpp">
      <Filter>소스 파일</Filter>
    </ClCompile>
    <ClCompile Include="Command.cpp">
      <Filter>소스 파일</Filter>
    </ClCompile>
    <ClCompile Include="CommandParametric.cpp">
      <Filter>소스 파일</Filter>
    </ClCompile>
    <ClCompile Include="CommandSimple.cpp">
      <Filter>소스 파일</Filter>
    </ClCompile>
    <ClCompile Include="CrossSections.cpp">
      <Filter>소스 파일</Filter>
    </ClCompile>
    <ClCompile Include="DlgBooleanOperation.cpp">
      <Filter>소스 파일</Filter>
    </ClCompile>
    <ClCompile Include="DlgExtrusion.cpp">
      <Filter>소스 파일</Filter>
    </ClCompile>
    <ClCompile Include="DlgFilletEdges.cpp">
      <Filter>소스 파일</Filter>
    </ClCompile>
    <ClCompile Include="DlgPartBoxImp.cpp">
      <Filter>소스 파일</Filter>
    </ClCompile>
    <ClCompile Include="DlgPartCylinderImp.cpp">
      <Filter>소스 파일</Filter>
    </ClCompile>
    <ClCompile Include="DlgPartImportIgesImp.cpp">
      <Filter>소스 파일</Filter>
    </ClCompile>
    <ClCompile Include="DlgPartImportStepImp.cpp">
      <Filter>소스 파일</Filter>
    </ClCompile>
    <ClCompile Include="DlgPrimitives.cpp">
      <Filter>소스 파일</Filter>
    </ClCompile>
    <ClCompile Include="DlgRevolution.cpp">
      <Filter>소스 파일</Filter>
    </ClCompile>
    <ClCompile Include="DlgSettings3DViewPartImp.cpp">
      <Filter>소스 파일</Filter>
    </ClCompile>
    <ClCompile Include="DlgSettingsGeneral.cpp">
      <Filter>소스 파일</Filter>
    </ClCompile>
    <ClCompile Include="DlgSettingsObjectColor.cpp">
      <Filter>소스 파일</Filter>
    </ClCompile>
    <ClCompile Include="Mirroring.cpp">
      <Filter>소스 파일</Filter>
    </ClCompile>
    <ClCompile Include="PreCompiled.cpp">
      <Filter>소스 파일</Filter>
    </ClCompile>
    <ClCompile Include="qrc_Part.cxx">
      <Filter>소스 파일</Filter>
    </ClCompile>
    <ClCompile Include="SoBrepEdgeSet.cpp">
      <Filter>소스 파일</Filter>
    </ClCompile>
    <ClCompile Include="SoBrepFaceSet.cpp">
      <Filter>소스 파일</Filter>
    </ClCompile>
    <ClCompile Include="SoBrepPointSet.cpp">
      <Filter>소스 파일</Filter>
    </ClCompile>
    <ClCompile Include="SoFCShapeObject.cpp">
      <Filter>소스 파일</Filter>
    </ClCompile>
    <ClCompile Include="TaskCheckGeometry.cpp">
      <Filter>소스 파일</Filter>
    </ClCompile>
    <ClCompile Include="TaskDimension.cpp">
      <Filter>소스 파일</Filter>
    </ClCompile>
    <ClCompile Include="TaskFaceColors.cpp">
      <Filter>소스 파일</Filter>
    </ClCompile>
    <ClCompile Include="TaskLoft.cpp">
      <Filter>소스 파일</Filter>
    </ClCompile>
    <ClCompile Include="TaskOffset.cpp">
      <Filter>소스 파일</Filter>
    </ClCompile>
    <ClCompile Include="TaskShapeBuilder.cpp">
      <Filter>소스 파일</Filter>
    </ClCompile>
    <ClCompile Include="TaskSweep.cpp">
      <Filter>소스 파일</Filter>
    </ClCompile>
    <ClCompile Include="TaskThickness.cpp">
      <Filter>소스 파일</Filter>
    </ClCompile>
    <ClCompile Include="ViewProvider.cpp">
      <Filter>소스 파일</Filter>
    </ClCompile>
    <ClCompile Include="ViewProvider2DObject.cpp">
      <Filter>소스 파일</Filter>
    </ClCompile>
    <ClCompile Include="ViewProviderBoolean.cpp">
      <Filter>소스 파일</Filter>
    </ClCompile>
    <ClCompile Include="ViewProviderBox.cpp">
      <Filter>소스 파일</Filter>
    </ClCompile>
    <ClCompile Include="ViewProviderCircleParametric.cpp">
      <Filter>소스 파일</Filter>
    </ClCompile>
    <ClCompile Include="ViewProviderCompound.cpp">
      <Filter>소스 파일</Filter>
    </ClCompile>
    <ClCompile Include="ViewProviderConeParametric.cpp">
      <Filter>소스 파일</Filter>
    </ClCompile>
    <ClCompile Include="ViewProviderCurveNet.cpp">
      <Filter>소스 파일</Filter>
    </ClCompile>
    <ClCompile Include="ViewProviderCylinderParametric.cpp">
      <Filter>소스 파일</Filter>
    </ClCompile>
    <ClCompile Include="ViewProviderEllipseParametric.cpp">
      <Filter>소스 파일</Filter>
    </ClCompile>
    <ClCompile Include="ViewProviderExt.cpp">
      <Filter>소스 파일</Filter>
    </ClCompile>
    <ClCompile Include="ViewProviderExtrusion.cpp">
      <Filter>소스 파일</Filter>
    </ClCompile>
    <ClCompile Include="ViewProviderHelixParametric.cpp">
      <Filter>소스 파일</Filter>
    </ClCompile>
    <ClCompile Include="ViewProviderImport.cpp">
      <Filter>소스 파일</Filter>
    </ClCompile>
    <ClCompile Include="ViewProviderLineParametric.cpp">
      <Filter>소스 파일</Filter>
    </ClCompile>
    <ClCompile Include="ViewProviderMirror.cpp">
      <Filter>소스 파일</Filter>
    </ClCompile>
    <ClCompile Include="ViewProviderPlaneParametric.cpp">
      <Filter>소스 파일</Filter>
    </ClCompile>
    <ClCompile Include="ViewProviderPointParametric.cpp">
      <Filter>소스 파일</Filter>
    </ClCompile>
    <ClCompile Include="ViewProviderPrism.cpp">
      <Filter>소스 파일</Filter>
    </ClCompile>
    <ClCompile Include="ViewProviderPython.cpp">
      <Filter>소스 파일</Filter>
    </ClCompile>
    <ClCompile Include="ViewProviderReference.cpp">
      <Filter>소스 파일</Filter>
    </ClCompile>
    <ClCompile Include="ViewProviderRegularPolygon.cpp">
      <Filter>소스 파일</Filter>
    </ClCompile>
    <ClCompile Include="ViewProviderRuledSurface.cpp">
      <Filter>소스 파일</Filter>
    </ClCompile>
    <ClCompile Include="ViewProviderSphereParametric.cpp">
      <Filter>소스 파일</Filter>
    </ClCompile>
    <ClCompile Include="ViewProviderSpline.cpp">
      <Filter>소스 파일</Filter>
    </ClCompile>
    <ClCompile Include="ViewProviderTorusParametric.cpp">
      <Filter>소스 파일</Filter>
    </ClCompile>
    <ClCompile Include="Workbench.cpp">
      <Filter>소스 파일</Filter>
    </ClCompile>
  </ItemGroup>
  <ItemGroup>
    <ClInclude Include="CrossSections.h">
      <Filter>헤더 파일</Filter>
    </ClInclude>
    <ClInclude Include="DlgBooleanOperation.h">
      <Filter>헤더 파일</Filter>
    </ClInclude>
    <ClInclude Include="DlgExtrusion.h">
      <Filter>헤더 파일</Filter>
    </ClInclude>
    <ClInclude Include="DlgFilletEdges.h">
      <Filter>헤더 파일</Filter>
    </ClInclude>
    <ClInclude Include="DlgPartBoxImp.h">
      <Filter>헤더 파일</Filter>
    </ClInclude>
    <ClInclude Include="DlgPartCylinderImp.h">
      <Filter>헤더 파일</Filter>
    </ClInclude>
    <ClInclude Include="DlgPartImportIgesImp.h">
      <Filter>헤더 파일</Filter>
    </ClInclude>
    <ClInclude Include="DlgPartImportStepImp.h">
      <Filter>헤더 파일</Filter>
    </ClInclude>
    <ClInclude Include="DlgPrimitives.h">
      <Filter>헤더 파일</Filter>
    </ClInclude>
    <ClInclude Include="DlgRevolution.h">
      <Filter>헤더 파일</Filter>
    </ClInclude>
    <ClInclude Include="DlgSettings3DViewPartImp.h">
      <Filter>헤더 파일</Filter>
    </ClInclude>
    <ClInclude Include="DlgSettingsGeneral.h">
      <Filter>헤더 파일</Filter>
    </ClInclude>
    <ClInclude Include="DlgSettingsObjectColor.h">
      <Filter>헤더 파일</Filter>
    </ClInclude>
    <ClInclude Include="Mirroring.h">
      <Filter>헤더 파일</Filter>
    </ClInclude>
    <ClInclude Include="PreCompiled.h">
      <Filter>헤더 파일</Filter>
    </ClInclude>
    <ClInclude Include="SoBrepEdgeSet.h">
      <Filter>헤더 파일</Filter>
    </ClInclude>
    <ClInclude Include="SoBrepFaceSet.h">
      <Filter>헤더 파일</Filter>
    </ClInclude>
    <ClInclude Include="SoBrepPointSet.h">
      <Filter>헤더 파일</Filter>
    </ClInclude>
    <ClInclude Include="SoFCShapeObject.h">
      <Filter>헤더 파일</Filter>
    </ClInclude>
    <ClInclude Include="TaskCheckGeometry.h">
      <Filter>헤더 파일</Filter>
    </ClInclude>
    <ClInclude Include="TaskDimension.h">
      <Filter>헤더 파일</Filter>
    </ClInclude>
    <ClInclude Include="TaskFaceColors.h">
      <Filter>헤더 파일</Filter>
    </ClInclude>
    <ClInclude Include="TaskLoft.h">
      <Filter>헤더 파일</Filter>
    </ClInclude>
    <ClInclude Include="TaskOffset.h">
      <Filter>헤더 파일</Filter>
    </ClInclude>
    <ClInclude Include="TaskShapeBuilder.h">
      <Filter>헤더 파일</Filter>
    </ClInclude>
    <ClInclude Include="TaskSweep.h">
      <Filter>헤더 파일</Filter>
    </ClInclude>
    <ClInclude Include="TaskThickness.h">
      <Filter>헤더 파일</Filter>
    </ClInclude>
    <ClInclude Include="ui_CrossSections.h">
      <Filter>헤더 파일</Filter>
    </ClInclude>
    <ClInclude Include="ui_DlgBooleanOperation.h">
      <Filter>헤더 파일</Filter>
    </ClInclude>
    <ClInclude Include="ui_DlgExtrusion.h">
      <Filter>헤더 파일</Filter>
    </ClInclude>
    <ClInclude Include="ui_DlgFilletEdges.h">
      <Filter>헤더 파일</Filter>
    </ClInclude>
    <ClInclude Include="ui_DlgImportExportIges.h">
      <Filter>헤더 파일</Filter>
    </ClInclude>
    <ClInclude Include="ui_DlgImportExportStep.h">
      <Filter>헤더 파일</Filter>
    </ClInclude>
    <ClInclude Include="ui_DlgPartBox.h">
      <Filter>헤더 파일</Filter>
    </ClInclude>
    <ClInclude Include="ui_DlgPartCylinder.h">
      <Filter>헤더 파일</Filter>
    </ClInclude>
    <ClInclude Include="ui_DlgPartImportIges.h">
      <Filter>헤더 파일</Filter>
    </ClInclude>
    <ClInclude Include="ui_DlgPartImportStep.h">
      <Filter>헤더 파일</Filter>
    </ClInclude>
    <ClInclude Include="ui_DlgPrimitives.h">
      <Filter>헤더 파일</Filter>
    </ClInclude>
    <ClInclude Include="ui_DlgRevolution.h">
      <Filter>헤더 파일</Filter>
    </ClInclude>
    <ClInclude Include="ui_DlgSettings3DViewPart.h">
      <Filter>헤더 파일</Filter>
    </ClInclude>
    <ClInclude Include="ui_DlgSettingsGeneral.h">
      <Filter>헤더 파일</Filter>
    </ClInclude>
    <ClInclude Include="ui_DlgSettingsObjectColor.h">
      <Filter>헤더 파일</Filter>
    </ClInclude>
    <ClInclude Include="ui_Location.h">
      <Filter>헤더 파일</Filter>
    </ClInclude>
    <ClInclude Include="ui_Mirroring.h">
      <Filter>헤더 파일</Filter>
    </ClInclude>
    <ClInclude Include="ui_TaskFaceColors.h">
      <Filter>헤더 파일</Filter>
    </ClInclude>
    <ClInclude Include="ui_TaskLoft.h">
      <Filter>헤더 파일</Filter>
    </ClInclude>
    <ClInclude Include="ui_TaskOffset.h">
      <Filter>헤더 파일</Filter>
    </ClInclude>
    <ClInclude Include="ui_TaskShapeBuilder.h">
      <Filter>헤더 파일</Filter>
    </ClInclude>
    <ClInclude Include="ui_TaskSweep.h">
      <Filter>헤더 파일</Filter>
    </ClInclude>
    <ClInclude Include="ViewProvider.h">
      <Filter>헤더 파일</Filter>
    </ClInclude>
    <ClInclude Include="ViewProvider2DObject.h">
      <Filter>헤더 파일</Filter>
    </ClInclude>
    <ClInclude Include="ViewProviderBoolean.h">
      <Filter>헤더 파일</Filter>
    </ClInclude>
    <ClInclude Include="ViewProviderBox.h">
      <Filter>헤더 파일</Filter>
    </ClInclude>
    <ClInclude Include="ViewProviderCircleParametric.h">
      <Filter>헤더 파일</Filter>
    </ClInclude>
    <ClInclude Include="ViewProviderCompound.h">
      <Filter>헤더 파일</Filter>
    </ClInclude>
    <ClInclude Include="ViewProviderConeParametric.h">
      <Filter>헤더 파일</Filter>
    </ClInclude>
    <ClInclude Include="ViewProviderCurveNet.h">
      <Filter>헤더 파일</Filter>
    </ClInclude>
    <ClInclude Include="ViewProviderCylinderParametric.h">
      <Filter>헤더 파일</Filter>
    </ClInclude>
    <ClInclude Include="ViewProviderEllipseParametric.h">
      <Filter>헤더 파일</Filter>
    </ClInclude>
    <ClInclude Include="ViewProviderExt.h">
      <Filter>헤더 파일</Filter>
    </ClInclude>
    <ClInclude Include="ViewProviderExtrusion.h">
      <Filter>헤더 파일</Filter>
    </ClInclude>
    <ClInclude Include="ViewProviderHelixParametric.h">
      <Filter>헤더 파일</Filter>
    </ClInclude>
    <ClInclude Include="ViewProviderImport.h">
      <Filter>헤더 파일</Filter>
    </ClInclude>
    <ClInclude Include="ViewProviderLineParametric.h">
      <Filter>헤더 파일</Filter>
    </ClInclude>
    <ClInclude Include="ViewProviderMirror.h">
      <Filter>헤더 파일</Filter>
    </ClInclude>
    <ClInclude Include="ViewProviderPlaneParametric.h">
      <Filter>헤더 파일</Filter>
    </ClInclude>
    <ClInclude Include="ViewProviderPointParametric.h">
      <Filter>헤더 파일</Filter>
    </ClInclude>
    <ClInclude Include="ViewProviderPrism.h">
      <Filter>헤더 파일</Filter>
    </ClInclude>
    <ClInclude Include="ViewProviderPython.h">
      <Filter>헤더 파일</Filter>
    </ClInclude>
    <ClInclude Include="ViewProviderReference.h">
      <Filter>헤더 파일</Filter>
    </ClInclude>
    <ClInclude Include="ViewProviderRegularPolygon.h">
      <Filter>헤더 파일</Filter>
    </ClInclude>
    <ClInclude Include="ViewProviderRuledSurface.h">
      <Filter>헤더 파일</Filter>
    </ClInclude>
    <ClInclude Include="ViewProviderSphereParametric.h">
      <Filter>헤더 파일</Filter>
    </ClInclude>
    <ClInclude Include="ViewProviderSpline.h">
      <Filter>헤더 파일</Filter>
    </ClInclude>
    <ClInclude Include="ViewProviderTorusParametric.h">
      <Filter>헤더 파일</Filter>
    </ClInclude>
    <ClInclude Include="Workbench.h">
      <Filter>헤더 파일</Filter>
    </ClInclude>
  </ItemGroup>
</Project>