<?xml version="1.0" encoding="utf-8"?>
<Project ToolsVersion="4.0" xmlns="http://schemas.microsoft.com/developer/msbuild/2003">
  <ItemGroup>
    <Filter Include="소스 파일">
      <UniqueIdentifier>{4FC737F1-C7A5-4376-A066-2A32D752A2FF}</UniqueIdentifier>
      <Extensions>cpp;c;cc;cxx;def;odl;idl;hpj;bat;asm;asmx</Extensions>
    </Filter>
    <Filter Include="헤더 파일">
      <UniqueIdentifier>{93995380-89BD-4b04-88EB-625FBE52EBFB}</UniqueIdentifier>
      <Extensions>h;hh;hpp;hxx;hm;inl;inc;xsd</Extensions>
    </Filter>
    <Filter Include="CustomBuild">
      <UniqueIdentifier>{8f3eacd1-bd1d-4921-bd21-5f63fb2b81ea}</UniqueIdentifier>
    </Filter>
    <Filter Include="Datatypes">
      <UniqueIdentifier>{fc223c00-d529-4a01-a69d-763046e5765d}</UniqueIdentifier>
    </Filter>
    <Filter Include="Features">
      <UniqueIdentifier>{4cedaf95-e644-4686-9cdc-58aea9620659}</UniqueIdentifier>
    </Filter>
    <Filter Include="Module">
      <UniqueIdentifier>{1182c0b2-ee79-4a97-80b0-baa81201ec23}</UniqueIdentifier>
    </Filter>
    <Filter Include="PlaneGCS">
      <UniqueIdentifier>{58e96c35-4a2c-4960-993d-4c3652358918}</UniqueIdentifier>
    </Filter>
    <Filter Include="Properties">
      <UniqueIdentifier>{922ba558-3132-4b43-a22b-8734e639bf96}</UniqueIdentifier>
    </Filter>
    <Filter Include="Python">
      <UniqueIdentifier>{b9d1e811-0bac-48a6-b398-87761cd0ef6e}</UniqueIdentifier>
    </Filter>
  </ItemGroup>
  <ItemGroup>
    <CustomBuild Include="__init__.py.rule">
      <Filter>CustomBuild</Filter>
    </CustomBuild>
    <CustomBuild Include="Hexagon.py.rule">
      <Filter>CustomBuild</Filter>
    </CustomBuild>
    <CustomBuild Include="Init.py.rule">
      <Filter>CustomBuild</Filter>
    </CustomBuild>
    <CustomBuild Include="Profiles.py.rule">
      <Filter>CustomBuild</Filter>
    </CustomBuild>
    <CustomBuild Include="RegularPolygon.py.rule">
      <Filter>CustomBuild</Filter>
    </CustomBuild>
    <CustomBuild Include="SketcherExample.py.rule">
      <Filter>CustomBuild</Filter>
    </CustomBuild>
    <CustomBuild Include="TestSketcherApp.rule">
      <Filter>CustomBuild</Filter>
    </CustomBuild>
    <CustomBuild Include="ConstraintPy.xml">
      <Filter>Python</Filter>
    </CustomBuild>
    <CustomBuild Include="SketchObjectPy.xml">
      <Filter>Python</Filter>
    </CustomBuild>
    <CustomBuild Include="SketchObjectSFPy.xml">
      <Filter>Python</Filter>
    </CustomBuild>
    <CustomBuild Include="SketchPy.xml">
      <Filter>Python</Filter>
    </CustomBuild>
  </ItemGroup>
  <ItemGroup>
    <ClInclude Include="Constraint.h">
      <Filter>Datatypes</Filter>
    </ClInclude>
    <ClInclude Include="Sketch.h">
      <Filter>Datatypes</Filter>
    </ClInclude>
    <ClInclude Include="SketchObject.h">
      <Filter>Features</Filter>
    </ClInclude>
    <ClInclude Include="SketchObjectSF.h">
      <Filter>Features</Filter>
    </ClInclude>
    <ClInclude Include="PreCompiled.h">
      <Filter>Module</Filter>
    </ClInclude>
    <ClInclude Include="planegcs\Constraints.h">
      <Filter>PlaneGCS</Filter>
    </ClInclude>
    <ClInclude Include="planegcs\GCS.h">
      <Filter>PlaneGCS</Filter>
    </ClInclude>
    <ClInclude Include="planegcs\Geo.h">
      <Filter>PlaneGCS</Filter>
    </ClInclude>
    <ClInclude Include="planegcs\qp_eq.h">
      <Filter>PlaneGCS</Filter>
    </ClInclude>
    <ClInclude Include="planegcs\SubSystem.h">
      <Filter>PlaneGCS</Filter>
    </ClInclude>
    <ClInclude Include="planegcs\Util.h">
      <Filter>PlaneGCS</Filter>
    </ClInclude>
    <ClInclude Include="PropertyConstraintList.h">
      <Filter>Properties</Filter>
    </ClInclude>
  </ItemGroup>
  <ItemGroup>
    <ClCompile Include="Constraint.cpp">
      <Filter>Datatypes</Filter>
    </ClCompile>
    <ClCompile Include="Sketch.cpp">
      <Filter>Datatypes</Filter>
    </ClCompile>
    <ClCompile Include="SketchObject.cpp">
      <Filter>Features</Filter>
    </ClCompile>
    <ClCompile Include="SketchObjectSF.cpp">
      <Filter>Features</Filter>
    </ClCompile>
    <ClCompile Include="AppSketcher.cpp">
      <Filter>Module</Filter>
    </ClCompile>
    <ClCompile Include="AppSketcherPy.cpp">
      <Filter>Module</Filter>
    </ClCompile>
    <ClCompile Include="PreCompiled.cpp">
      <Filter>Module</Filter>
    </ClCompile>
    <ClCompile Include="planegcs\Constraints.cpp">
      <Filter>PlaneGCS</Filter>
    </ClCompile>
    <ClCompile Include="planegcs\GCS.cpp">
      <Filter>PlaneGCS</Filter>
    </ClCompile>
    <ClCompile Include="planegcs\Geo.cpp">
      <Filter>PlaneGCS</Filter>
    </ClCompile>
    <ClCompile Include="planegcs\qp_eq.cpp">
      <Filter>PlaneGCS</Filter>
    </ClCompile>
    <ClCompile Include="planegcs\SubSystem.cpp">
      <Filter>PlaneGCS</Filter>
    </ClCompile>
    <ClCompile Include="PropertyConstraintList.cpp">
      <Filter>Properties</Filter>
    </ClCompile>
    <ClCompile Include="ConstraintPyImp.cpp">
      <Filter>Python</Filter>
    </ClCompile>
    <ClCompile Include="SketchObjectPyImp.cpp">
      <Filter>Python</Filter>
    </ClCompile>
    <ClCompile Include="SketchObjectSFPyImp.cpp">
      <Filter>Python</Filter>
    </ClCompile>
    <ClCompile Include="SketchPyImp.cpp">
      <Filter>Python</Filter>
    </ClCompile>
  </ItemGroup>
</Project>