<?xml version="1.0" encoding="utf-8"?>
<Project ToolsVersion="4.0" xmlns="http://schemas.microsoft.com/developer/msbuild/2003">
  <ItemGroup>
    <Filter Include="소스 파일">
      <UniqueIdentifier>{4FC737F1-C7A5-4376-A066-2A32D752A2FF}</UniqueIdentifier>
      <Extensions>cpp;c;cc;cxx;def;odl;idl;hpj;bat;asm;asmx</Extensions>
    </Filter>
    <Filter Include="헤더 파일">
      <UniqueIdentifier>{93995380-89BD-4b04-88EB-625FBE52EBFB}</UniqueIdentifier>
      <Extensions>h;hh;hpp;hxx;hm;inl;inc;xsd</Extensions>
    </Filter>
    <Filter Include="Datatypes">
      <UniqueIdentifier>{62097fbb-e1af-4849-8af3-8f3ecbd921c9}</UniqueIdentifier>
    </Filter>
    <Filter Include="Features">
      <UniqueIdentifier>{2a9f18c3-2592-4317-a567-b0ce068230c7}</UniqueIdentifier>
    </Filter>
    <Filter Include="Module">
      <UniqueIdentifier>{ab7b3f00-1902-4c0b-80d1-0afb7adb5188}</UniqueIdentifier>
    </Filter>
    <Filter Include="PlaneGCS">
      <UniqueIdentifier>{4fc6d4b5-aeba-4f47-86b7-418a9b39e3a2}</UniqueIdentifier>
    </Filter>
    <Filter Include="Properties">
      <UniqueIdentifier>{97f7e6c9-1bc8-405c-9be3-19d22fbead51}</UniqueIdentifier>
    </Filter>
    <Filter Include="Python">
      <UniqueIdentifier>{39b7e67e-7c97-47af-9bfd-6d761d33fe3c}</UniqueIdentifier>
    </Filter>
  </ItemGroup>
  <ItemGroup>
    <ClCompile Include="Constraint.cpp">
      <Filter>Datatypes</Filter>
    </ClCompile>
    <ClCompile Include="Sketch.cpp">
      <Filter>Datatypes</Filter>
    </ClCompile>
    <ClCompile Include="SketchObject.cpp">
      <Filter>Features</Filter>
    </ClCompile>
    <ClCompile Include="SketchObjectSF.cpp">
      <Filter>Features</Filter>
    </ClCompile>
    <ClCompile Include="AppSketcher.cpp">
      <Filter>Module</Filter>
    </ClCompile>
    <ClCompile Include="AppSketcherPy.cpp">
      <Filter>Module</Filter>
    </ClCompile>
    <ClCompile Include="PreCompiled.cpp">
      <Filter>Module</Filter>
    </ClCompile>
    <ClCompile Include="planegcs\Constraints.cpp">
      <Filter>PlaneGCS</Filter>
    </ClCompile>
    <ClCompile Include="planegcs\GCS.cpp">
      <Filter>PlaneGCS</Filter>
    </ClCompile>
    <ClCompile Include="planegcs\Geo.cpp">
      <Filter>PlaneGCS</Filter>
    </ClCompile>
    <ClCompile Include="planegcs\qp_eq.cpp">
      <Filter>PlaneGCS</Filter>
    </ClCompile>
    <ClCompile Include="planegcs\SubSystem.cpp">
      <Filter>PlaneGCS</Filter>
    </ClCompile>
    <ClCompile Include="PropertyConstraintList.cpp">
      <Filter>Properties</Filter>
    </ClCompile>
    <ClCompile Include="ConstraintPyImp.cpp">
      <Filter>Python</Filter>
    </ClCompile>
    <ClCompile Include="SketchObjectPyImp.cpp">
      <Filter>Python</Filter>
    </ClCompile>
    <ClCompile Include="SketchObjectSFPyImp.cpp">
      <Filter>Python</Filter>
    </ClCompile>
    <ClCompile Include="SketchPyImp.cpp">
      <Filter>Python</Filter>
    </ClCompile>
  </ItemGroup>
  <ItemGroup>
    <ClInclude Include="Constraint.h">
      <Filter>Datatypes</Filter>
    </ClInclude>
    <ClInclude Include="Sketch.h">
      <Filter>Datatypes</Filter>
    </ClInclude>
    <ClInclude Include="SketchObject.h">
      <Filter>Features</Filter>
    </ClInclude>
    <ClInclude Include="SketchObjectSF.h">
      <Filter>Features</Filter>
    </ClInclude>
    <ClInclude Include="PreCompiled.h">
      <Filter>Module</Filter>
    </ClInclude>
    <ClInclude Include="planegcs\Constraints.h">
      <Filter>PlaneGCS</Filter>
    </ClInclude>
    <ClInclude Include="planegcs\GCS.h">
      <Filter>PlaneGCS</Filter>
    </ClInclude>
    <ClInclude Include="planegcs\Geo.h">
      <Filter>PlaneGCS</Filter>
    </ClInclude>
    <ClInclude Include="planegcs\qp_eq.h">
      <Filter>PlaneGCS</Filter>
    </ClInclude>
    <ClInclude Include="planegcs\SubSystem.h">
      <Filter>PlaneGCS</Filter>
    </ClInclude>
    <ClInclude Include="planegcs\Util.h">
      <Filter>PlaneGCS</Filter>
    </ClInclude>
    <ClInclude Include="PropertyConstraintList.h">
      <Filter>Properties</Filter>
    </ClInclude>
  </ItemGroup>
  <ItemGroup>
    <Xml Include="ConstraintPy.xml">
      <Filter>Python</Filter>
    </Xml>
    <Xml Include="SketchObjectPy.xml">
      <Filter>Python</Filter>
    </Xml>
    <Xml Include="SketchObjectSFPy.xml">
      <Filter>Python</Filter>
    </Xml>
    <Xml Include="SketchPy.xml">
      <Filter>Python</Filter>
    </Xml>
  </ItemGroup>
</Project>