<?xml version="1.0" encoding="utf-8"?>
<Project ToolsVersion="4.0" xmlns="http://schemas.microsoft.com/developer/msbuild/2003">
  <ItemGroup>
    <Filter Include="소스 파일">
      <UniqueIdentifier>{4FC737F1-C7A5-4376-A066-2A32D752A2FF}</UniqueIdentifier>
      <Extensions>cpp;c;cc;cxx;def;odl;idl;hpj;bat;asm;asmx</Extensions>
    </Filter>
    <Filter Include="헤더 파일">
      <UniqueIdentifier>{93995380-89BD-4b04-88EB-625FBE52EBFB}</UniqueIdentifier>
      <Extensions>h;hh;hpp;hxx;hm;inl;inc;xsd</Extensions>
    </Filter>
    <Filter Include="XML">
      <UniqueIdentifier>{b51331c0-ce56-4acd-b742-7d8fde4b2a11}</UniqueIdentifier>
    </Filter>
    <Filter Include="Properties">
      <UniqueIdentifier>{d9857943-1d30-4b18-a438-422a47ee6406}</UniqueIdentifier>
    </Filter>
    <Filter Include="Document">
      <UniqueIdentifier>{74190a65-39a6-4248-8b34-10edf445270b}</UniqueIdentifier>
    </Filter>
  </ItemGroup>
  <ItemGroup>
    <None Include="EDInit.py" />
    <None Include="EDTest.py" />
    <None Include="FeaturePythonPyImp.inl">
      <Filter>Document</Filter>
    </None>
  </ItemGroup>
  <ItemGroup>
    <ClCompile Include="Application.cpp">
      <Filter>소스 파일</Filter>
    </ClCompile>
    <ClCompile Include="ApplicationPy.cpp">
      <Filter>소스 파일</Filter>
    </ClCompile>
    <ClCompile Include="Branding.cpp">
      <Filter>소스 파일</Filter>
    </ClCompile>
    <ClCompile Include="ColorModel.cpp">
      <Filter>소스 파일</Filter>
    </ClCompile>
    <ClCompile Include="ComplexGeoData.cpp">
      <Filter>소스 파일</Filter>
    </ClCompile>
    <ClCompile Include="ComplexGeoDataPyImp.cpp">
      <Filter>소스 파일</Filter>
    </ClCompile>
    <ClCompile Include="Enumeration.cpp">
      <Filter>소스 파일</Filter>
    </ClCompile>
    <ClCompile Include="Material.cpp">
      <Filter>소스 파일</Filter>
    </ClCompile>
    <ClCompile Include="MaterialPyImp.cpp">
      <Filter>소스 파일</Filter>
    </ClCompile>
    <ClCompile Include="PreCompiled.cpp">
      <Filter>소스 파일</Filter>
    </ClCompile>
    <ClCompile Include="DynamicProperty.cpp">
      <Filter>Properties</Filter>
    </ClCompile>
    <ClCompile Include="ObjectIdentifier.cpp">
      <Filter>Properties</Filter>
    </ClCompile>
    <ClCompile Include="Property.cpp">
      <Filter>Properties</Filter>
    </ClCompile>
    <ClCompile Include="PropertyContainer.cpp">
      <Filter>Properties</Filter>
    </ClCompile>
    <ClCompile Include="PropertyContainerPyImp.cpp">
      <Filter>Properties</Filter>
    </ClCompile>
    <ClCompile Include="PropertyExpressionEngine.cpp">
      <Filter>Properties</Filter>
    </ClCompile>
    <ClCompile Include="PropertyFile.cpp">
      <Filter>Properties</Filter>
    </ClCompile>
    <ClCompile Include="PropertyGeo.cpp">
      <Filter>Properties</Filter>
    </ClCompile>
    <ClCompile Include="PropertyLinks.cpp">
      <Filter>Properties</Filter>
    </ClCompile>
    <ClCompile Include="PropertyPythonObject.cpp">
      <Filter>Properties</Filter>
    </ClCompile>
    <ClCompile Include="PropertyStandard.cpp">
      <Filter>Properties</Filter>
    </ClCompile>
    <ClCompile Include="PropertyUnits.cpp">
      <Filter>Properties</Filter>
    </ClCompile>
    <ClCompile Include="Annotation.cpp">
      <Filter>Document</Filter>
    </ClCompile>
    <ClCompile Include="Document.cpp">
      <Filter>Document</Filter>
    </ClCompile>
    <ClCompile Include="DocumentObject.cpp">
      <Filter>Document</Filter>
    </ClCompile>
    <ClCompile Include="DocumentObjectFileIncluded.cpp">
      <Filter>Document</Filter>
    </ClCompile>
    <ClCompile Include="DocumentObjectGroup.cpp">
      <Filter>Document</Filter>
    </ClCompile>
    <ClCompile Include="DocumentObjectGroupPyImp.cpp">
      <Filter>Document</Filter>
    </ClCompile>
    <ClCompile Include="DocumentObjectPyImp.cpp">
      <Filter>Document</Filter>
    </ClCompile>
    <ClCompile Include="DocumentObserver.cpp">
      <Filter>Document</Filter>
    </ClCompile>
    <ClCompile Include="DocumentObserverPython.cpp">
      <Filter>Document</Filter>
    </ClCompile>
    <ClCompile Include="DocumentPyImp.cpp">
      <Filter>Document</Filter>
    </ClCompile>
    <ClCompile Include="Expression.cpp">
      <Filter>Document</Filter>
    </ClCompile>
    <ClCompile Include="FeaturePython.cpp">
      <Filter>Document</Filter>
    </ClCompile>
    <ClCompile Include="FeatureTest.cpp">
      <Filter>Document</Filter>
    </ClCompile>
    <ClCompile Include="GeoFeature.cpp">
      <Filter>Document</Filter>
    </ClCompile>
    <ClCompile Include="InventorObject.cpp">
      <Filter>Document</Filter>
    </ClCompile>
    <ClCompile Include="MaterialObject.cpp">
      <Filter>Document</Filter>
    </ClCompile>
    <ClCompile Include="MeasureDistance.cpp">
      <Filter>Document</Filter>
    </ClCompile>
    <ClCompile Include="MergeDocuments.cpp">
      <Filter>Document</Filter>
    </ClCompile>
    <ClCompile Include="Placement.cpp">
      <Filter>Document</Filter>
    </ClCompile>
    <ClCompile Include="Plane.cpp">
      <Filter>Document</Filter>
    </ClCompile>
    <ClCompile Include="Range.cpp">
      <Filter>Document</Filter>
    </ClCompile>
    <ClCompile Include="Transactions.cpp">
      <Filter>Document</Filter>
    </ClCompile>
    <ClCompile Include="VRMLObject.cpp">
      <Filter>Document</Filter>
    </ClCompile>
  </ItemGroup>
  <ItemGroup>
    <ClInclude Include="Application.h">
      <Filter>헤더 파일</Filter>
    </ClInclude>
    <ClInclude Include="Branding.h">
      <Filter>헤더 파일</Filter>
    </ClInclude>
    <ClInclude Include="ColorModel.h">
      <Filter>헤더 파일</Filter>
    </ClInclude>
    <ClInclude Include="ComplexGeoData.h">
      <Filter>헤더 파일</Filter>
    </ClInclude>
    <ClInclude Include="Enumeration.h">
      <Filter>헤더 파일</Filter>
    </ClInclude>
    <ClInclude Include="Material.h">
      <Filter>헤더 파일</Filter>
    </ClInclude>
    <ClInclude Include="PreCompiled.h">
      <Filter>헤더 파일</Filter>
    </ClInclude>
    <ClInclude Include="DynamicProperty.h">
      <Filter>Properties</Filter>
    </ClInclude>
    <ClInclude Include="ObjectIdentifier.h">
      <Filter>Properties</Filter>
    </ClInclude>
    <ClInclude Include="Property.h">
      <Filter>Properties</Filter>
    </ClInclude>
    <ClInclude Include="PropertyContainer.h">
      <Filter>Properties</Filter>
    </ClInclude>
    <ClInclude Include="PropertyExpressionEngine.h">
      <Filter>Properties</Filter>
    </ClInclude>
    <ClInclude Include="PropertyFile.h">
      <Filter>Properties</Filter>
    </ClInclude>
    <ClInclude Include="PropertyGeo.h">
      <Filter>Properties</Filter>
    </ClInclude>
    <ClInclude Include="PropertyLinks.h">
      <Filter>Properties</Filter>
    </ClInclude>
    <ClInclude Include="PropertyPythonObject.h">
      <Filter>Properties</Filter>
    </ClInclude>
    <ClInclude Include="PropertyStandard.h">
      <Filter>Properties</Filter>
    </ClInclude>
    <ClInclude Include="PropertyUnits.h">
      <Filter>Properties</Filter>
    </ClInclude>
    <ClInclude Include="Annotation.h">
      <Filter>Document</Filter>
    </ClInclude>
    <ClInclude Include="Document.h">
      <Filter>Document</Filter>
    </ClInclude>
    <ClInclude Include="DocumentObject.h">
      <Filter>Document</Filter>
    </ClInclude>
    <ClInclude Include="DocumentObjectFileIncluded.h">
      <Filter>Document</Filter>
    </ClInclude>
    <ClInclude Include="DocumentObjectGroup.h">
      <Filter>Document</Filter>
    </ClInclude>
    <ClInclude Include="DocumentObserver.h">
      <Filter>Document</Filter>
    </ClInclude>
    <ClInclude Include="DocumentObserverPython.h">
      <Filter>Document</Filter>
    </ClInclude>
    <ClInclude Include="Expression.h">
      <Filter>Document</Filter>
    </ClInclude>
    <ClInclude Include="ExpressionVisitors.h">
      <Filter>Document</Filter>
    </ClInclude>
    <ClInclude Include="FeatureCustom.h">
      <Filter>Document</Filter>
    </ClInclude>
    <ClInclude Include="FeaturePython.h">
      <Filter>Document</Filter>
    </ClInclude>
    <ClInclude Include="FeaturePythonPyImp.h">
      <Filter>Document</Filter>
    </ClInclude>
    <ClInclude Include="FeatureTest.h">
      <Filter>Document</Filter>
    </ClInclude>
    <ClInclude Include="GeoFeature.h">
      <Filter>Document</Filter>
    </ClInclude>
    <ClInclude Include="InventorObject.h">
      <Filter>Document</Filter>
    </ClInclude>
    <ClInclude Include="MaterialObject.h">
      <Filter>Document</Filter>
    </ClInclude>
    <ClInclude Include="MeasureDistance.h">
      <Filter>Document</Filter>
    </ClInclude>
    <ClInclude Include="MergeDocuments.h">
      <Filter>Document</Filter>
    </ClInclude>
    <ClInclude Include="Placement.h">
      <Filter>Document</Filter>
    </ClInclude>
    <ClInclude Include="Plane.h">
      <Filter>Document</Filter>
    </ClInclude>
    <ClInclude Include="Range.h">
      <Filter>Document</Filter>
    </ClInclude>
    <ClInclude Include="Transactions.h">
      <Filter>Document</Filter>
    </ClInclude>
    <ClInclude Include="VRMLObject.h">
      <Filter>Document</Filter>
    </ClInclude>
  </ItemGroup>
  <ItemGroup>
    <Xml Include="ComplexGeoDataPy.xml">
      <Filter>XML</Filter>
    </Xml>
    <Xml Include="DocumentObjectGroupPy.xml">
      <Filter>XML</Filter>
    </Xml>
    <Xml Include="DocumentObjectPy.xml">
      <Filter>XML</Filter>
    </Xml>
    <Xml Include="DocumentPy.xml">
      <Filter>XML</Filter>
    </Xml>
    <Xml Include="MaterialPy.xml">
      <Filter>XML</Filter>
    </Xml>
    <Xml Include="PropertyContainerPy.xml">
      <Filter>XML</Filter>
    </Xml>
  </ItemGroup>
</Project>