<?xml version="1.0" encoding="utf-8"?>
<Project ToolsVersion="4.0" xmlns="http://schemas.microsoft.com/developer/msbuild/2003">
  <ItemGroup>
    <Filter Include="소스 파일">
      <UniqueIdentifier>{4FC737F1-C7A5-4376-A066-2A32D752A2FF}</UniqueIdentifier>
      <Extensions>cpp;c;cc;cxx;def;odl;idl;hpj;bat;asm;asmx</Extensions>
    </Filter>
    <Filter Include="헤더 파일">
      <UniqueIdentifier>{93995380-89BD-4b04-88EB-625FBE52EBFB}</UniqueIdentifier>
      <Extensions>h;hh;hpp;hxx;hm;inl;inc;xsd</Extensions>
    </Filter>
    <Filter Include="pycxx">
      <UniqueIdentifier>{990afb61-1167-40d4-a88d-b83fa250c188}</UniqueIdentifier>
    </Filter>
    <Filter Include="zipios">
      <UniqueIdentifier>{d90154e1-ab77-479d-acb2-0628e26a9eeb}</UniqueIdentifier>
    </Filter>
    <Filter Include="XML">
      <UniqueIdentifier>{71be4ded-73ce-40bc-a2f6-005e1b0c44c4}</UniqueIdentifier>
    </Filter>
    <Filter Include="Units">
      <UniqueIdentifier>{0b469284-fc47-4972-a7cf-ae4da30c07c3}</UniqueIdentifier>
    </Filter>
  </ItemGroup>
  <ItemGroup>
    <ClCompile Include="..\CXX\cxx_extensions.cxx">
      <Filter>pycxx</Filter>
    </ClCompile>
    <ClCompile Include="..\CXX\cxxextensions.c">
      <Filter>pycxx</Filter>
    </ClCompile>
    <ClCompile Include="..\CXX\cxxsupport.cxx">
      <Filter>pycxx</Filter>
    </ClCompile>
    <ClCompile Include="..\CXX\IndirectPythonInterface.cxx">
      <Filter>pycxx</Filter>
    </ClCompile>
    <ClCompile Include="..\zipios++\basicentry.cpp">
      <Filter>zipios</Filter>
    </ClCompile>
    <ClCompile Include="..\zipios++\collcoll.cpp">
      <Filter>zipios</Filter>
    </ClCompile>
    <ClCompile Include="..\zipios++\deflateoutputstreambuf.cpp">
      <Filter>zipios</Filter>
    </ClCompile>
    <ClCompile Include="..\zipios++\dircoll.cpp">
      <Filter>zipios</Filter>
    </ClCompile>
    <ClCompile Include="..\zipios++\directory.cpp">
      <Filter>zipios</Filter>
    </ClCompile>
    <ClCompile Include="..\zipios++\fcoll.cpp">
      <Filter>zipios</Filter>
    </ClCompile>
    <ClCompile Include="..\zipios++\fcollexceptions.cpp">
      <Filter>zipios</Filter>
    </ClCompile>
    <ClCompile Include="..\zipios++\fileentry.cpp">
      <Filter>zipios</Filter>
    </ClCompile>
    <ClCompile Include="..\zipios++\filepath.cpp">
      <Filter>zipios</Filter>
    </ClCompile>
    <ClCompile Include="..\zipios++\filterinputstreambuf.cpp">
      <Filter>zipios</Filter>
    </ClCompile>
    <ClCompile Include="..\zipios++\filteroutputstreambuf.cpp">
      <Filter>zipios</Filter>
    </ClCompile>
    <ClCompile Include="..\zipios++\gzipoutputstream.cpp">
      <Filter>zipios</Filter>
    </ClCompile>
    <ClCompile Include="..\zipios++\gzipoutputstreambuf.cpp">
      <Filter>zipios</Filter>
    </ClCompile>
    <ClCompile Include="..\zipios++\inflateinputstreambuf.cpp">
      <Filter>zipios</Filter>
    </ClCompile>
    <ClCompile Include="..\zipios++\zipfile.cpp">
      <Filter>zipios</Filter>
    </ClCompile>
    <ClCompile Include="..\zipios++\ziphead.cpp">
      <Filter>zipios</Filter>
    </ClCompile>
    <ClCompile Include="..\zipios++\zipheadio.cpp">
      <Filter>zipios</Filter>
    </ClCompile>
    <ClCompile Include="..\zipios++\zipinputstream.cpp">
      <Filter>zipios</Filter>
    </ClCompile>
    <ClCompile Include="..\zipios++\zipinputstreambuf.cpp">
      <Filter>zipios</Filter>
    </ClCompile>
    <ClCompile Include="..\zipios++\zipoutputstream.cpp">
      <Filter>zipios</Filter>
    </ClCompile>
    <ClCompile Include="..\zipios++\zipoutputstreambuf.cpp">
      <Filter>zipios</Filter>
    </ClCompile>
    <ClCompile Include="Quantity.cpp">
      <Filter>Units</Filter>
    </ClCompile>
    <ClCompile Include="QuantityPyImp.cpp">
      <Filter>Units</Filter>
    </ClCompile>
    <ClCompile Include="Unit.cpp">
      <Filter>Units</Filter>
    </ClCompile>
    <ClCompile Include="UnitPyImp.cpp">
      <Filter>Units</Filter>
    </ClCompile>
    <ClCompile Include="UnitsApi.cpp">
      <Filter>Units</Filter>
    </ClCompile>
    <ClCompile Include="UnitsApiPy.cpp">
      <Filter>Units</Filter>
    </ClCompile>
    <ClCompile Include="UnitsSchema.cpp">
      <Filter>Units</Filter>
    </ClCompile>
    <ClCompile Include="UnitsSchemaImperial1.cpp">
      <Filter>Units</Filter>
    </ClCompile>
    <ClCompile Include="UnitsSchemaInternal.cpp">
      <Filter>Units</Filter>
    </ClCompile>
    <ClCompile Include="UnitsSchemaMKS.cpp">
      <Filter>Units</Filter>
    </ClCompile>
    <ClCompile Include="PyTools.c">
      <Filter>소스 파일</Filter>
    </ClCompile>
    <ClCompile Include="Axis.cpp">
      <Filter>소스 파일</Filter>
    </ClCompile>
    <ClCompile Include="AxisPyImp.cpp">
      <Filter>소스 파일</Filter>
    </ClCompile>
    <ClCompile Include="Base64.cpp">
      <Filter>소스 파일</Filter>
    </ClCompile>
    <ClCompile Include="BaseClass.cpp">
      <Filter>소스 파일</Filter>
    </ClCompile>
    <ClCompile Include="BaseClassPyImp.cpp">
      <Filter>소스 파일</Filter>
    </ClCompile>
    <ClCompile Include="BoundBoxPyImp.cpp">
      <Filter>소스 파일</Filter>
    </ClCompile>
    <ClCompile Include="Builder3D.cpp">
      <Filter>소스 파일</Filter>
    </ClCompile>
    <ClCompile Include="Console.cpp">
      <Filter>소스 파일</Filter>
    </ClCompile>
    <ClCompile Include="CoordinateSystem.cpp">
      <Filter>소스 파일</Filter>
    </ClCompile>
    <ClCompile Include="Debugger.cpp">
      <Filter>소스 파일</Filter>
    </ClCompile>
    <ClCompile Include="Exception.cpp">
      <Filter>소스 파일</Filter>
    </ClCompile>
    <ClCompile Include="Factory.cpp">
      <Filter>소스 파일</Filter>
    </ClCompile>
    <ClCompile Include="FileInfo.cpp">
      <Filter>소스 파일</Filter>
    </ClCompile>
    <ClCompile Include="FileTemplate.cpp">
      <Filter>소스 파일</Filter>
    </ClCompile>
    <ClCompile Include="FutureWatcherProgress.cpp">
      <Filter>소스 파일</Filter>
    </ClCompile>
    <ClCompile Include="GeometryPyCXX.cpp">
      <Filter>소스 파일</Filter>
    </ClCompile>
    <ClCompile Include="gzstream.cpp">
      <Filter>소스 파일</Filter>
    </ClCompile>
    <ClCompile Include="Handle.cpp">
      <Filter>소스 파일</Filter>
    </ClCompile>
    <ClCompile Include="InputSource.cpp">
      <Filter>소스 파일</Filter>
    </ClCompile>
    <ClCompile Include="Interpreter.cpp">
      <Filter>소스 파일</Filter>
    </ClCompile>
    <ClCompile Include="Matrix.cpp">
      <Filter>소스 파일</Filter>
    </ClCompile>
    <ClCompile Include="MatrixPyImp.cpp">
      <Filter>소스 파일</Filter>
    </ClCompile>
    <ClCompile Include="MemDebug.cpp">
      <Filter>소스 파일</Filter>
    </ClCompile>
    <ClCompile Include="Parameter.cpp">
      <Filter>소스 파일</Filter>
    </ClCompile>
    <ClCompile Include="ParameterPy.cpp">
      <Filter>소스 파일</Filter>
    </ClCompile>
    <ClCompile Include="Persistence.cpp">
      <Filter>소스 파일</Filter>
    </ClCompile>
    <ClCompile Include="PersistencePyImp.cpp">
      <Filter>소스 파일</Filter>
    </ClCompile>
    <ClCompile Include="Placement.cpp">
      <Filter>소스 파일</Filter>
    </ClCompile>
    <ClCompile Include="PlacementPyImp.cpp">
      <Filter>소스 파일</Filter>
    </ClCompile>
    <ClCompile Include="PreCompiled.cpp">
      <Filter>소스 파일</Filter>
    </ClCompile>
    <ClCompile Include="PyExport.cpp">
      <Filter>소스 파일</Filter>
    </ClCompile>
    <ClCompile Include="PyObjectBase.cpp">
      <Filter>소스 파일</Filter>
    </ClCompile>
    <ClCompile Include="Reader.cpp">
      <Filter>소스 파일</Filter>
    </ClCompile>
    <ClCompile Include="Rotation.cpp">
      <Filter>소스 파일</Filter>
    </ClCompile>
    <ClCompile Include="RotationPyImp.cpp">
      <Filter>소스 파일</Filter>
    </ClCompile>
    <ClCompile Include="Sequencer.cpp">
      <Filter>소스 파일</Filter>
    </ClCompile>
    <ClCompile Include="StackWalker.cpp">
      <Filter>소스 파일</Filter>
    </ClCompile>
    <ClCompile Include="Stream.cpp">
      <Filter>소스 파일</Filter>
    </ClCompile>
    <ClCompile Include="Swap.cpp">
      <Filter>소스 파일</Filter>
    </ClCompile>
    <ClCompile Include="swigpyrun.cpp">
      <Filter>소스 파일</Filter>
    </ClCompile>
    <ClCompile Include="swigpyrun_1.3.25.cpp">
      <Filter>소스 파일</Filter>
    </ClCompile>
    <ClCompile Include="swigpyrun_1.3.33.cpp">
      <Filter>소스 파일</Filter>
    </ClCompile>
    <ClCompile Include="swigpyrun_1.3.36.cpp">
      <Filter>소스 파일</Filter>
    </ClCompile>
    <ClCompile Include="swigpyrun_1.3.38.cpp">
      <Filter>소스 파일</Filter>
    </ClCompile>
    <ClCompile Include="swigpyrun_1.3.40.cpp">
      <Filter>소스 파일</Filter>
    </ClCompile>
    <ClCompile Include="TimeInfo.cpp">
      <Filter>소스 파일</Filter>
    </ClCompile>
    <ClCompile Include="Tools.cpp">
      <Filter>소스 파일</Filter>
    </ClCompile>
    <ClCompile Include="Tools2D.cpp">
      <Filter>소스 파일</Filter>
    </ClCompile>
    <ClCompile Include="Type.cpp">
      <Filter>소스 파일</Filter>
    </ClCompile>
    <ClCompile Include="Uuid.cpp">
      <Filter>소스 파일</Filter>
    </ClCompile>
    <ClCompile Include="Vector3D.cpp">
      <Filter>소스 파일</Filter>
    </ClCompile>
    <ClCompile Include="VectorPyImp.cpp">
      <Filter>소스 파일</Filter>
    </ClCompile>
    <ClCompile Include="Writer.cpp">
      <Filter>소스 파일</Filter>
    </ClCompile>
    <ClCompile Include="XMLTools.cpp">
      <Filter>소스 파일</Filter>
    </ClCompile>
  </ItemGroup>
  <ItemGroup>
    <ClInclude Include="..\zipios++\backbuffer.h">
      <Filter>zipios</Filter>
    </ClInclude>
    <ClInclude Include="..\zipios++\basicentry.h">
      <Filter>zipios</Filter>
    </ClInclude>
    <ClInclude Include="..\zipios++\collcoll.h">
      <Filter>zipios</Filter>
    </ClInclude>
    <ClInclude Include="..\zipios++\deflateoutputstreambuf.h">
      <Filter>zipios</Filter>
    </ClInclude>
    <ClInclude Include="..\zipios++\dircoll.h">
      <Filter>zipios</Filter>
    </ClInclude>
    <ClInclude Include="..\zipios++\directory.h">
      <Filter>zipios</Filter>
    </ClInclude>
    <ClInclude Include="..\zipios++\fcoll.h">
      <Filter>zipios</Filter>
    </ClInclude>
    <ClInclude Include="..\zipios++\fcollexceptions.h">
      <Filter>zipios</Filter>
    </ClInclude>
    <ClInclude Include="..\zipios++\fileentry.h">
      <Filter>zipios</Filter>
    </ClInclude>
    <ClInclude Include="..\zipios++\filepath.h">
      <Filter>zipios</Filter>
    </ClInclude>
    <ClInclude Include="..\zipios++\filterinputstreambuf.h">
      <Filter>zipios</Filter>
    </ClInclude>
    <ClInclude Include="..\zipios++\filteroutputstreambuf.h">
      <Filter>zipios</Filter>
    </ClInclude>
    <ClInclude Include="..\zipios++\gzipoutputstream.h">
      <Filter>zipios</Filter>
    </ClInclude>
    <ClInclude Include="..\zipios++\gzipoutputstreambuf.h">
      <Filter>zipios</Filter>
    </ClInclude>
    <ClInclude Include="..\zipios++\inflateinputstreambuf.h">
      <Filter>zipios</Filter>
    </ClInclude>
    <ClInclude Include="..\zipios++\meta-iostreams.h">
      <Filter>zipios</Filter>
    </ClInclude>
    <ClInclude Include="..\zipios++\outputstringstream.h">
      <Filter>zipios</Filter>
    </ClInclude>
    <ClInclude Include="..\zipios++\simplesmartptr.h">
      <Filter>zipios</Filter>
    </ClInclude>
    <ClInclude Include="..\zipios++\virtualseeker.h">
      <Filter>zipios</Filter>
    </ClInclude>
    <ClInclude Include="..\zipios++\zipfile.h">
      <Filter>zipios</Filter>
    </ClInclude>
    <ClInclude Include="..\zipios++\ziphead.h">
      <Filter>zipios</Filter>
    </ClInclude>
    <ClInclude Include="..\zipios++\zipheadio.h">
      <Filter>zipios</Filter>
    </ClInclude>
    <ClInclude Include="..\zipios++\zipinputstream.h">
      <Filter>zipios</Filter>
    </ClInclude>
    <ClInclude Include="..\zipios++\zipinputstreambuf.h">
      <Filter>zipios</Filter>
    </ClInclude>
    <ClInclude Include="..\zipios++\zipios_common.h">
      <Filter>zipios</Filter>
    </ClInclude>
    <ClInclude Include="..\zipios++\zipios_defs.h">
      <Filter>zipios</Filter>
    </ClInclude>
    <ClInclude Include="..\zipios++\zipios-config.h">
      <Filter>zipios</Filter>
    </ClInclude>
    <ClInclude Include="..\zipios++\zipoutputstream.h">
      <Filter>zipios</Filter>
    </ClInclude>
    <ClInclude Include="..\zipios++\zipoutputstreambuf.h">
      <Filter>zipios</Filter>
    </ClInclude>
    <ClInclude Include="Quantity.h">
      <Filter>Units</Filter>
    </ClInclude>
    <ClInclude Include="Unit.h">
      <Filter>Units</Filter>
    </ClInclude>
    <ClInclude Include="UnitsApi.h">
      <Filter>Units</Filter>
    </ClInclude>
    <ClInclude Include="UnitsSchema.h">
      <Filter>Units</Filter>
    </ClInclude>
    <ClInclude Include="UnitsSchemaImperial1.h">
      <Filter>Units</Filter>
    </ClInclude>
    <ClInclude Include="UnitsSchemaInternal.h">
      <Filter>Units</Filter>
    </ClInclude>
    <ClInclude Include="UnitsSchemaMKS.h">
      <Filter>Units</Filter>
    </ClInclude>
    <ClInclude Include="Axis.h">
      <Filter>헤더 파일</Filter>
    </ClInclude>
    <ClInclude Include="Base64.h">
      <Filter>헤더 파일</Filter>
    </ClInclude>
    <ClInclude Include="BaseClass.h">
      <Filter>헤더 파일</Filter>
    </ClInclude>
    <ClInclude Include="BoundBox.h">
      <Filter>헤더 파일</Filter>
    </ClInclude>
    <ClInclude Include="Builder3D.h">
      <Filter>헤더 파일</Filter>
    </ClInclude>
    <ClInclude Include="Console.h">
      <Filter>헤더 파일</Filter>
    </ClInclude>
    <ClInclude Include="CoordinateSystem.h">
      <Filter>헤더 파일</Filter>
    </ClInclude>
    <ClInclude Include="Exception.h">
      <Filter>헤더 파일</Filter>
    </ClInclude>
    <ClInclude Include="Factory.h">
      <Filter>헤더 파일</Filter>
    </ClInclude>
    <ClInclude Include="fdstream.hpp">
      <Filter>헤더 파일</Filter>
    </ClInclude>
    <ClInclude Include="FileInfo.h">
      <Filter>헤더 파일</Filter>
    </ClInclude>
    <ClInclude Include="FileTemplate.h">
      <Filter>헤더 파일</Filter>
    </ClInclude>
    <ClInclude Include="GeometryPyCXX.h">
      <Filter>헤더 파일</Filter>
    </ClInclude>
    <ClInclude Include="gzstream.h">
      <Filter>헤더 파일</Filter>
    </ClInclude>
    <ClInclude Include="Handle.h">
      <Filter>헤더 파일</Filter>
    </ClInclude>
    <ClInclude Include="InputSource.h">
      <Filter>헤더 파일</Filter>
    </ClInclude>
    <ClInclude Include="Interpreter.h">
      <Filter>헤더 파일</Filter>
    </ClInclude>
    <ClInclude Include="Matrix.h">
      <Filter>헤더 파일</Filter>
    </ClInclude>
    <ClInclude Include="MemDebug.h">
      <Filter>헤더 파일</Filter>
    </ClInclude>
    <ClInclude Include="Observer.h">
      <Filter>헤더 파일</Filter>
    </ClInclude>
    <ClInclude Include="Parameter.h">
      <Filter>헤더 파일</Filter>
    </ClInclude>
    <ClInclude Include="Persistence.h">
      <Filter>헤더 파일</Filter>
    </ClInclude>
    <ClInclude Include="Placement.h">
      <Filter>헤더 파일</Filter>
    </ClInclude>
    <ClInclude Include="PreCompiled.h">
      <Filter>헤더 파일</Filter>
    </ClInclude>
    <ClInclude Include="PyExport.h">
      <Filter>헤더 파일</Filter>
    </ClInclude>
    <ClInclude Include="PyObjectBase.h">
      <Filter>헤더 파일</Filter>
    </ClInclude>
    <ClInclude Include="PyTools.h">
      <Filter>헤더 파일</Filter>
    </ClInclude>
    <ClInclude Include="Reader.h">
      <Filter>헤더 파일</Filter>
    </ClInclude>
    <ClInclude Include="Rotation.h">
      <Filter>헤더 파일</Filter>
    </ClInclude>
    <ClInclude Include="Sequencer.h">
      <Filter>헤더 파일</Filter>
    </ClInclude>
    <ClInclude Include="StackWalker.h">
      <Filter>헤더 파일</Filter>
    </ClInclude>
    <ClInclude Include="Stream.h">
      <Filter>헤더 파일</Filter>
    </ClInclude>
    <ClInclude Include="Swap.h">
      <Filter>헤더 파일</Filter>
    </ClInclude>
    <ClInclude Include="swigpyrun_1.3.25.h">
      <Filter>헤더 파일</Filter>
    </ClInclude>
    <ClInclude Include="swigpyrun_1.3.33.h">
      <Filter>헤더 파일</Filter>
    </ClInclude>
    <ClInclude Include="swigpyrun_1.3.36.h">
      <Filter>헤더 파일</Filter>
    </ClInclude>
    <ClInclude Include="swigpyrun_1.3.38.h">
      <Filter>헤더 파일</Filter>
    </ClInclude>
    <ClInclude Include="swigpyrun_1.3.40.h">
      <Filter>헤더 파일</Filter>
    </ClInclude>
    <ClInclude Include="TimeInfo.h">
      <Filter>헤더 파일</Filter>
    </ClInclude>
    <ClInclude Include="Tools.h">
      <Filter>헤더 파일</Filter>
    </ClInclude>
    <ClInclude Include="Tools2D.h">
      <Filter>헤더 파일</Filter>
    </ClInclude>
    <ClInclude Include="Type.h">
      <Filter>헤더 파일</Filter>
    </ClInclude>
    <ClInclude Include="Uuid.h">
      <Filter>헤더 파일</Filter>
    </ClInclude>
    <ClInclude Include="Vector3D.h">
      <Filter>헤더 파일</Filter>
    </ClInclude>
    <ClInclude Include="ViewProj.h">
      <Filter>헤더 파일</Filter>
    </ClInclude>
    <ClInclude Include="Writer.h">
      <Filter>헤더 파일</Filter>
    </ClInclude>
    <ClInclude Include="XMLTools.h">
      <Filter>헤더 파일</Filter>
    </ClInclude>
    <ClInclude Include="swigpyrun.inl">
      <Filter>헤더 파일</Filter>
    </ClInclude>
  </ItemGroup>
  <ItemGroup>
    <None Include="QuantityParser.l">
      <Filter>Units</Filter>
    </None>
    <None Include="QuantityParser.y">
      <Filter>Units</Filter>
    </None>
  </ItemGroup>
  <ItemGroup>
    <CustomBuild Include="Debugger.h">
      <Filter>헤더 파일</Filter>
    </CustomBuild>
    <CustomBuild Include="FutureWatcherProgress.h">
      <Filter>헤더 파일</Filter>
    </CustomBuild>
    <CustomBuild Include="AxisPy.xml">
      <Filter>XML</Filter>
    </CustomBuild>
    <CustomBuild Include="BaseClassPy.xml">
      <Filter>XML</Filter>
    </CustomBuild>
    <CustomBuild Include="BoundBoxPy.xml">
      <Filter>XML</Filter>
    </CustomBuild>
    <CustomBuild Include="MatrixPy.xml">
      <Filter>XML</Filter>
    </CustomBuild>
    <CustomBuild Include="PersistencePy.xml">
      <Filter>XML</Filter>
    </CustomBuild>
    <CustomBuild Include="PlacementPy.xml">
      <Filter>XML</Filter>
    </CustomBuild>
    <CustomBuild Include="QuantityPy.xml">
      <Filter>XML</Filter>
    </CustomBuild>
    <CustomBuild Include="RotationPy.xml">
      <Filter>XML</Filter>
    </CustomBuild>
    <CustomBuild Include="UnitPy.xml">
      <Filter>XML</Filter>
    </CustomBuild>
    <CustomBuild Include="VectorPy.xml">
      <Filter>XML</Filter>
    </CustomBuild>
  </ItemGroup>
</Project>